// !$*UTF8*$!
{
	archiveVersion = 1;
	classes = {
	};
	objectVersion = 50;
	objects = {

/* Begin PBXBuildFile section */
		5BE8CAB225C8993C00834AD6 /* MP3BookApp.swift in Sources */ = {isa = PBXBuildFile; fileRef = 5BE8CAB125C8993C00834AD6 /* MP3BookApp.swift */; };
		5BE8CAB425C8993C00834AD6 /* ContentView.swift in Sources */ = {isa = PBXBuildFile; fileRef = 5BE8CAB325C8993C00834AD6 /* ContentView.swift */; };
		5BE8CAB625C8993D00834AD6 /* Assets.xcassets in Resources */ = {isa = PBXBuildFile; fileRef = 5BE8CAB525C8993D00834AD6 /* Assets.xcassets */; };
		5BE8CAB925C8993D00834AD6 /* Preview Assets.xcassets in Resources */ = {isa = PBXBuildFile; fileRef = 5BE8CAB825C8993D00834AD6 /* Preview Assets.xcassets */; };
		5BE8CAC425C8993D00834AD6 /* MP3BookTests.swift in Sources */ = {isa = PBXBuildFile; fileRef = 5BE8CAC325C8993D00834AD6 /* MP3BookTests.swift */; };
		5BE8CACF25C8993D00834AD6 /* MP3BookUITests.swift in Sources */ = {isa = PBXBuildFile; fileRef = 5BE8CACE25C8993D00834AD6 /* MP3BookUITests.swift */; };
/* End PBXBuildFile section */

/* Begin PBXContainerItemProxy section */
		5BE8CAC025C8993D00834AD6 /* PBXContainerItemProxy */ = {
			isa = PBXContainerItemProxy;
			containerPortal = 5BE8CAA625C8993C00834AD6 /* Project object */;
			proxyType = 1;
			remoteGlobalIDString = 5BE8CAAD25C8993C00834AD6;
			remoteInfo = MP3Book;
		};
		5BE8CACB25C8993D00834AD6 /* PBXContainerItemProxy */ = {
			isa = PBXContainerItemProxy;
			containerPortal = 5BE8CAA625C8993C00834AD6 /* Project object */;
			proxyType = 1;
			remoteGlobalIDString = 5BE8CAAD25C8993C00834AD6;
			remoteInfo = MP3Book;
		};
/* End PBXContainerItemProxy section */

/* Begin PBXFileReference section */
		5BE8CAAE25C8993C00834AD6 /* MP3Book.app */ = {isa = PBXFileReference; explicitFileType = wrapper.application; includeInIndex = 0; path = MP3Book.app; sourceTree = BUILT_PRODUCTS_DIR; };
		5BE8CAB125C8993C00834AD6 /* MP3BookApp.swift */ = {isa = PBXFileReference; lastKnownFileType = sourcecode.swift; path = MP3BookApp.swift; sourceTree = "<group>"; };
		5BE8CAB325C8993C00834AD6 /* ContentView.swift */ = {isa = PBXFileReference; lastKnownFileType = sourcecode.swift; path = ContentView.swift; sourceTree = "<group>"; };
		5BE8CAB525C8993D00834AD6 /* Assets.xcassets */ = {isa = PBXFileReference; lastKnownFileType = folder.assetcatalog; path = Assets.xcassets; sourceTree = "<group>"; };
		5BE8CAB825C8993D00834AD6 /* Preview Assets.xcassets */ = {isa = PBXFileReference; lastKnownFileType = folder.assetcatalog; path = "Preview Assets.xcassets"; sourceTree = "<group>"; };
		5BE8CABA25C8993D00834AD6 /* Info.plist */ = {isa = PBXFileReference; lastKnownFileType = text.plist.xml; path = Info.plist; sourceTree = "<group>"; };
		5BE8CABF25C8993D00834AD6 /* MP3BookTests.xctest */ = {isa = PBXFileReference; explicitFileType = wrapper.cfbundle; includeInIndex = 0; path = MP3BookTests.xctest; sourceTree = BUILT_PRODUCTS_DIR; };
		5BE8CAC325C8993D00834AD6 /* MP3BookTests.swift */ = {isa = PBXFileReference; lastKnownFileType = sourcecode.swift; path = MP3BookTests.swift; sourceTree = "<group>"; };
		5BE8CAC525C8993D00834AD6 /* Info.plist */ = {isa = PBXFileReference; lastKnownFileType = text.plist.xml; path = Info.plist; sourceTree = "<group>"; };
		5BE8CACA25C8993D00834AD6 /* MP3BookUITests.xctest */ = {isa = PBXFileReference; explicitFileType = wrapper.cfbundle; includeInIndex = 0; path = MP3BookUITests.xctest; sourceTree = BUILT_PRODUCTS_DIR; };
		5BE8CACE25C8993D00834AD6 /* MP3BookUITests.swift */ = {isa = PBXFileReference; lastKnownFileType = sourcecode.swift; path = MP3BookUITests.swift; sourceTree = "<group>"; };
		5BE8CAD025C8993D00834AD6 /* Info.plist */ = {isa = PBXFileReference; lastKnownFileType = text.plist.xml; path = Info.plist; sourceTree = "<group>"; };
/* End PBXFileReference section */

/* Begin PBXFrameworksBuildPhase section */
		5BE8CAAB25C8993C00834AD6 /* Frameworks */ = {
			isa = PBXFrameworksBuildPhase;
			buildActionMask = 2147483647;
			files = (
			);
			runOnlyForDeploymentPostprocessing = 0;
		};
		5BE8CABC25C8993D00834AD6 /* Frameworks */ = {
			isa = PBXFrameworksBuildPhase;
			buildActionMask = 2147483647;
			files = (
			);
			runOnlyForDeploymentPostprocessing = 0;
		};
		5BE8CAC725C8993D00834AD6 /* Frameworks */ = {
			isa = PBXFrameworksBuildPhase;
			buildActionMask = 2147483647;
			files = (
			);
			runOnlyForDeploymentPostprocessing = 0;
		};
/* End PBXFrameworksBuildPhase section */

/* Begin PBXGroup section */
		5BE8CAA525C8993C00834AD6 = {
			isa = PBXGroup;
			children = (
				5BE8CAB025C8993C00834AD6 /* MP3Book */,
				5BE8CAC225C8993D00834AD6 /* MP3BookTests */,
				5BE8CACD25C8993D00834AD6 /* MP3BookUITests */,
				5BE8CAAF25C8993C00834AD6 /* Products */,
			);
			sourceTree = "<group>";
		};
		5BE8CAAF25C8993C00834AD6 /* Products */ = {
			isa = PBXGroup;
			children = (
				5BE8CAAE25C8993C00834AD6 /* MP3Book.app */,
				5BE8CABF25C8993D00834AD6 /* MP3BookTests.xctest */,
				5BE8CACA25C8993D00834AD6 /* MP3BookUITests.xctest */,
			);
			name = Products;
			sourceTree = "<group>";
		};
		5BE8CAB025C8993C00834AD6 /* MP3Book */ = {
			isa = PBXGroup;
			children = (
				5BE8CAB125C8993C00834AD6 /* MP3BookApp.swift */,
				5BE8CAB325C8993C00834AD6 /* ContentView.swift */,
				5BE8CAB525C8993D00834AD6 /* Assets.xcassets */,
				5BE8CABA25C8993D00834AD6 /* Info.plist */,
				5BE8CAB725C8993D00834AD6 /* Preview Content */,
			);
			path = MP3Book;
			sourceTree = "<group>";
		};
		5BE8CAB725C8993D00834AD6 /* Preview Content */ = {
			isa = PBXGroup;
			children = (
				5BE8CAB825C8993D00834AD6 /* Preview Assets.xcassets */,
			);
			path = "Preview Content";
			sourceTree = "<group>";
		};
		5BE8CAC225C8993D00834AD6 /* MP3BookTests */ = {
			isa = PBXGroup;
			children = (
				5BE8CAC325C8993D00834AD6 /* MP3BookTests.swift */,
				5BE8CAC525C8993D00834AD6 /* Info.plist */,
			);
			path = MP3BookTests;
			sourceTree = "<group>";
		};
		5BE8CACD25C8993D00834AD6 /* MP3BookUITests */ = {
			isa = PBXGroup;
			children = (
				5BE8CACE25C8993D00834AD6 /* MP3BookUITests.swift */,
				5BE8CAD025C8993D00834AD6 /* Info.plist */,
			);
			path = MP3BookUITests;
			sourceTree = "<group>";
		};
/* End PBXGroup section */

/* Begin PBXNativeTarget section */
		5BE8CAAD25C8993C00834AD6 /* MP3Book */ = {
			isa = PBXNativeTarget;
			buildConfigurationList = 5BE8CAD325C8993D00834AD6 /* Build configuration list for PBXNativeTarget "MP3Book" */;
			buildPhases = (
				5BE8CAAA25C8993C00834AD6 /* Sources */,
				5BE8CAAB25C8993C00834AD6 /* Frameworks */,
				5BE8CAAC25C8993C00834AD6 /* Resources */,
			);
			buildRules = (
			);
			dependencies = (
			);
			name = MP3Book;
			productName = MP3Book;
			productReference = 5BE8CAAE25C8993C00834AD6 /* MP3Book.app */;
			productType = "com.apple.product-type.application";
		};
		5BE8CABE25C8993D00834AD6 /* MP3BookTests */ = {
			isa = PBXNativeTarget;
			buildConfigurationList = 5BE8CAD625C8993D00834AD6 /* Build configuration list for PBXNativeTarget "MP3BookTests" */;
			buildPhases = (
				5BE8CABB25C8993D00834AD6 /* Sources */,
				5BE8CABC25C8993D00834AD6 /* Frameworks */,
				5BE8CABD25C8993D00834AD6 /* Resources */,
			);
			buildRules = (
			);
			dependencies = (
				5BE8CAC125C8993D00834AD6 /* PBXTargetDependency */,
			);
			name = MP3BookTests;
			productName = MP3BookTests;
			productReference = 5BE8CABF25C8993D00834AD6 /* MP3BookTests.xctest */;
			productType = "com.apple.product-type.bundle.unit-test";
		};
		5BE8CAC925C8993D00834AD6 /* MP3BookUITests */ = {
			isa = PBXNativeTarget;
			buildConfigurationList = 5BE8CAD925C8993D00834AD6 /* Build configuration list for PBXNativeTarget "MP3BookUITests" */;
			buildPhases = (
				5BE8CAC625C8993D00834AD6 /* Sources */,
				5BE8CAC725C8993D00834AD6 /* Frameworks */,
				5BE8CAC825C8993D00834AD6 /* Resources */,
			);
			buildRules = (
			);
			dependencies = (
				5BE8CACC25C8993D00834AD6 /* PBXTargetDependency */,
			);
			name = MP3BookUITests;
			productName = MP3BookUITests;
			productReference = 5BE8CACA25C8993D00834AD6 /* MP3BookUITests.xctest */;
			productType = "com.apple.product-type.bundle.ui-testing";
		};
/* End PBXNativeTarget section */

/* Begin PBXProject section */
		5BE8CAA625C8993C00834AD6 /* Project object */ = {
			isa = PBXProject;
			attributes = {
				LastSwiftUpdateCheck = 1240;
				LastUpgradeCheck = 1240;
				TargetAttributes = {
					5BE8CAAD25C8993C00834AD6 = {
						CreatedOnToolsVersion = 12.4;
					};
					5BE8CABE25C8993D00834AD6 = {
						CreatedOnToolsVersion = 12.4;
						TestTargetID = 5BE8CAAD25C8993C00834AD6;
					};
					5BE8CAC925C8993D00834AD6 = {
						CreatedOnToolsVersion = 12.4;
						TestTargetID = 5BE8CAAD25C8993C00834AD6;
					};
				};
			};
			buildConfigurationList = 5BE8CAA925C8993C00834AD6 /* Build configuration list for PBXProject "MP3Book" */;
			compatibilityVersion = "Xcode 9.3";
			developmentRegion = en;
			hasScannedForEncodings = 0;
			knownRegions = (
				en,
				Base,
			);
			mainGroup = 5BE8CAA525C8993C00834AD6;
			productRefGroup = 5BE8CAAF25C8993C00834AD6 /* Products */;
			projectDirPath = "";
			projectRoot = "";
			targets = (
				5BE8CAAD25C8993C00834AD6 /* MP3Book */,
				5BE8CABE25C8993D00834AD6 /* MP3BookTests */,
				5BE8CAC925C8993D00834AD6 /* MP3BookUITests */,
			);
		};
/* End PBXProject section */

/* Begin PBXResourcesBuildPhase section */
		5BE8CAAC25C8993C00834AD6 /* Resources */ = {
			isa = PBXResourcesBuildPhase;
			buildActionMask = 2147483647;
			files = (
				5BE8CAB925C8993D00834AD6 /* Preview Assets.xcassets in Resources */,
				5BE8CAB625C8993D00834AD6 /* Assets.xcassets in Resources */,
			);
			runOnlyForDeploymentPostprocessing = 0;
		};
		5BE8CABD25C8993D00834AD6 /* Resources */ = {
			isa = PBXResourcesBuildPhase;
			buildActionMask = 2147483647;
			files = (
			);
			runOnlyForDeploymentPostprocessing = 0;
		};
		5BE8CAC825C8993D00834AD6 /* Resources */ = {
			isa = PBXResourcesBuildPhase;
			buildActionMask = 2147483647;
			files = (
			);
			runOnlyForDeploymentPostprocessing = 0;
		};
/* End PBXResourcesBuildPhase section */

/* Begin PBXSourcesBuildPhase section */
		5BE8CAAA25C8993C00834AD6 /* Sources */ = {
			isa = PBXSourcesBuildPhase;
			buildActionMask = 2147483647;
			files = (
				5BE8CAB425C8993C00834AD6 /* ContentView.swift in Sources */,
				5BE8CAB225C8993C00834AD6 /* MP3BookApp.swift in Sources */,
			);
			runOnlyForDeploymentPostprocessing = 0;
		};
		5BE8CABB25C8993D00834AD6 /* Sources */ = {
			isa = PBXSourcesBuildPhase;
			buildActionMask = 2147483647;
			files = (
				5BE8CAC425C8993D00834AD6 /* MP3BookTests.swift in Sources */,
			);
			runOnlyForDeploymentPostprocessing = 0;
		};
		5BE8CAC625C8993D00834AD6 /* Sources */ = {
			isa = PBXSourcesBuildPhase;
			buildActionMask = 2147483647;
			files = (
				5BE8CACF25C8993D00834AD6 /* MP3BookUITests.swift in Sources */,
			);
			runOnlyForDeploymentPostprocessing = 0;
		};
/* End PBXSourcesBuildPhase section */

/* Begin PBXTargetDependency section */
		5BE8CAC125C8993D00834AD6 /* PBXTargetDependency */ = {
			isa = PBXTargetDependency;
			target = 5BE8CAAD25C8993C00834AD6 /* MP3Book */;
			targetProxy = 5BE8CAC025C8993D00834AD6 /* PBXContainerItemProxy */;
		};
		5BE8CACC25C8993D00834AD6 /* PBXTargetDependency */ = {
			isa = PBXTargetDependency;
			target = 5BE8CAAD25C8993C00834AD6 /* MP3Book */;
			targetProxy = 5BE8CACB25C8993D00834AD6 /* PBXContainerItemProxy */;
		};
/* End PBXTargetDependency section */

/* Begin XCBuildConfiguration section */
		5BE8CAD125C8993D00834AD6 /* Debug */ = {
			isa = XCBuildConfiguration;
			buildSettings = {
				ALWAYS_SEARCH_USER_PATHS = NO;
				CLANG_ANALYZER_NONNULL = YES;
				CLANG_ANALYZER_NUMBER_OBJECT_CONVERSION = YES_AGGRESSIVE;
				CLANG_CXX_LANGUAGE_STANDARD = "gnu++14";
				CLANG_CXX_LIBRARY = "libc++";
				CLANG_ENABLE_MODULES = YES;
				CLANG_ENABLE_OBJC_ARC = YES;
				CLANG_ENABLE_OBJC_WEAK = YES;
				CLANG_WARN_BLOCK_CAPTURE_AUTORELEASING = YES;
				CLANG_WARN_BOOL_CONVERSION = YES;
				CLANG_WARN_COMMA = YES;
				CLANG_WARN_CONSTANT_CONVERSION = YES;
				CLANG_WARN_DEPRECATED_OBJC_IMPLEMENTATIONS = YES;
				CLANG_WARN_DIRECT_OBJC_ISA_USAGE = YES_ERROR;
				CLANG_WARN_DOCUMENTATION_COMMENTS = YES;
				CLANG_WARN_EMPTY_BODY = YES;
				CLANG_WARN_ENUM_CONVERSION = YES;
				CLANG_WARN_INFINITE_RECURSION = YES;
				CLANG_WARN_INT_CONVERSION = YES;
				CLANG_WARN_NON_LITERAL_NULL_CONVERSION = YES;
				CLANG_WARN_OBJC_IMPLICIT_RETAIN_SELF = YES;
				CLANG_WARN_OBJC_LITERAL_CONVERSION = YES;
				CLANG_WARN_OBJC_ROOT_CLASS = YES_ERROR;
				CLANG_WARN_QUOTED_INCLUDE_IN_FRAMEWORK_HEADER = YES;
				CLANG_WARN_RANGE_LOOP_ANALYSIS = YES;
				CLANG_WARN_STRICT_PROTOTYPES = YES;
				CLANG_WARN_SUSPICIOUS_MOVE = YES;
				CLANG_WARN_UNGUARDED_AVAILABILITY = YES_AGGRESSIVE;
				CLANG_WARN_UNREACHABLE_CODE = YES;
				CLANG_WARN__DUPLICATE_METHOD_MATCH = YES;
				COPY_PHASE_STRIP = NO;
				DEBUG_INFORMATION_FORMAT = dwarf;
				ENABLE_STRICT_OBJC_MSGSEND = YES;
				ENABLE_TESTABILITY = YES;
				GCC_C_LANGUAGE_STANDARD = gnu11;
				GCC_DYNAMIC_NO_PIC = NO;
				GCC_NO_COMMON_BLOCKS = YES;
				GCC_OPTIMIZATION_LEVEL = 0;
				GCC_PREPROCESSOR_DEFINITIONS = (
					"DEBUG=1",
					"$(inherited)",
				);
				GCC_WARN_64_TO_32_BIT_CONVERSION = YES;
				GCC_WARN_ABOUT_RETURN_TYPE = YES_ERROR;
				GCC_WARN_UNDECLARED_SELECTOR = YES;
				GCC_WARN_UNINITIALIZED_AUTOS = YES_AGGRESSIVE;
				GCC_WARN_UNUSED_FUNCTION = YES;
				GCC_WARN_UNUSED_VARIABLE = YES;
				IPHONEOS_DEPLOYMENT_TARGET = 14.4;
				MTL_ENABLE_DEBUG_INFO = INCLUDE_SOURCE;
				MTL_FAST_MATH = YES;
				ONLY_ACTIVE_ARCH = YES;
				SDKROOT = iphoneos;
				SWIFT_ACTIVE_COMPILATION_CONDITIONS = DEBUG;
				SWIFT_OPTIMIZATION_LEVEL = "-Onone";
			};
			name = Debug;
		};
		5BE8CAD225C8993D00834AD6 /* Release */ = {
			isa = XCBuildConfiguration;
			buildSettings = {
				ALWAYS_SEARCH_USER_PATHS = NO;
				CLANG_ANALYZER_NONNULL = YES;
				CLANG_ANALYZER_NUMBER_OBJECT_CONVERSION = YES_AGGRESSIVE;
				CLANG_CXX_LANGUAGE_STANDARD = "gnu++14";
				CLANG_CXX_LIBRARY = "libc++";
				CLANG_ENABLE_MODULES = YES;
				CLANG_ENABLE_OBJC_ARC = YES;
				CLANG_ENABLE_OBJC_WEAK = YES;
				CLANG_WARN_BLOCK_CAPTURE_AUTORELEASING = YES;
				CLANG_WARN_BOOL_CONVERSION = YES;
				CLANG_WARN_COMMA = YES;
				CLANG_WARN_CONSTANT_CONVERSION = YES;
				CLANG_WARN_DEPRECATED_OBJC_IMPLEMENTATIONS = YES;
				CLANG_WARN_DIRECT_OBJC_ISA_USAGE = YES_ERROR;
				CLANG_WARN_DOCUMENTATION_COMMENTS = YES;
				CLANG_WARN_EMPTY_BODY = YES;
				CLANG_WARN_ENUM_CONVERSION = YES;
				CLANG_WARN_INFINITE_RECURSION = YES;
				CLANG_WARN_INT_CONVERSION = YES;
				CLANG_WARN_NON_LITERAL_NULL_CONVERSION = YES;
				CLANG_WARN_OBJC_IMPLICIT_RETAIN_SELF = YES;
				CLANG_WARN_OBJC_LITERAL_CONVERSION = YES;
				CLANG_WARN_OBJC_ROOT_CLASS = YES_ERROR;
				CLANG_WARN_QUOTED_INCLUDE_IN_FRAMEWORK_HEADER = YES;
				CLANG_WARN_RANGE_LOOP_ANALYSIS = YES;
				CLANG_WARN_STRICT_PROTOTYPES = YES;
				CLANG_WARN_SUSPICIOUS_MOVE = YES;
				CLANG_WARN_UNGUARDED_AVAILABILITY = YES_AGGRESSIVE;
				CLANG_WARN_UNREACHABLE_CODE = YES;
				CLANG_WARN__DUPLICATE_METHOD_MATCH = YES;
				COPY_PHASE_STRIP = NO;
				DEBUG_INFORMATION_FORMAT = "dwarf-with-dsym";
				ENABLE_NS_ASSERTIONS = NO;
				ENABLE_STRICT_OBJC_MSGSEND = YES;
				GCC_C_LANGUAGE_STANDARD = gnu11;
				GCC_NO_COMMON_BLOCKS = YES;
				GCC_WARN_64_TO_32_BIT_CONVERSION = YES;
				GCC_WARN_ABOUT_RETURN_TYPE = YES_ERROR;
				GCC_WARN_UNDECLARED_SELECTOR = YES;
				GCC_WARN_UNINITIALIZED_AUTOS = YES_AGGRESSIVE;
				GCC_WARN_UNUSED_FUNCTION = YES;
				GCC_WARN_UNUSED_VARIABLE = YES;
				IPHONEOS_DEPLOYMENT_TARGET = 14.4;
				MTL_ENABLE_DEBUG_INFO = NO;
				MTL_FAST_MATH = YES;
				SDKROOT = iphoneos;
				SWIFT_COMPILATION_MODE = wholemodule;
				SWIFT_OPTIMIZATION_LEVEL = "-O";
				VALIDATE_PRODUCT = YES;
			};
			name = Release;
		};
		5BE8CAD425C8993D00834AD6 /* Debug */ = {
			isa = XCBuildConfiguration;
			buildSettings = {
				ASSETCATALOG_COMPILER_APPICON_NAME = AppIcon;
				ASSETCATALOG_COMPILER_GLOBAL_ACCENT_COLOR_NAME = AccentColor;
				CODE_SIGN_STYLE = Automatic;
				DEVELOPMENT_ASSET_PATHS = "\"MP3Book/Preview Content\"";
				DEVELOPMENT_TEAM = F3QYFD9Z4F;
				ENABLE_PREVIEWS = YES;
				INFOPLIST_FILE = MP3Book/Info.plist;
				IPHONEOS_DEPLOYMENT_TARGET = 14.0;
				LD_RUNPATH_SEARCH_PATHS = (
					"$(inherited)",
					"@executable_path/Frameworks",
				);
				PRODUCT_BUNDLE_IDENTIFIER = de.dittner.MP3Book;
				PRODUCT_NAME = "$(TARGET_NAME)";
				SWIFT_VERSION = 5.0;
				TARGETED_DEVICE_FAMILY = "1,2";
			};
			name = Debug;
		};
		5BE8CAD525C8993D00834AD6 /* Release */ = {
			isa = XCBuildConfiguration;
			buildSettings = {
				ASSETCATALOG_COMPILER_APPICON_NAME = AppIcon;
				ASSETCATALOG_COMPILER_GLOBAL_ACCENT_COLOR_NAME = AccentColor;
				CODE_SIGN_STYLE = Automatic;
				DEVELOPMENT_ASSET_PATHS = "\"MP3Book/Preview Content\"";
				DEVELOPMENT_TEAM = F3QYFD9Z4F;
				ENABLE_PREVIEWS = YES;
				INFOPLIST_FILE = MP3Book/Info.plist;
				IPHONEOS_DEPLOYMENT_TARGET = 14.0;
				LD_RUNPATH_SEARCH_PATHS = (
					"$(inherited)",
					"@executable_path/Frameworks",
				);
				PRODUCT_BUNDLE_IDENTIFIER = de.dittner.MP3Book;
				PRODUCT_NAME = "$(TARGET_NAME)";
				SWIFT_VERSION = 5.0;
				TARGETED_DEVICE_FAMILY = "1,2";
			};
			name = Release;
		};
		5BE8CAD725C8993D00834AD6 /* Debug */ = {
			isa = XCBuildConfiguration;
			buildSettings = {
				ALWAYS_EMBED_SWIFT_STANDARD_LIBRARIES = YES;
				BUNDLE_LOADER = "$(TEST_HOST)";
				CODE_SIGN_STYLE = Automatic;
				DEVELOPMENT_TEAM = F3QYFD9Z4F;
				INFOPLIST_FILE = MP3BookTests/Info.plist;
				IPHONEOS_DEPLOYMENT_TARGET = 14.0;
				LD_RUNPATH_SEARCH_PATHS = (
					"$(inherited)",
					"@executable_path/Frameworks",
					"@loader_path/Frameworks",
				);
				PRODUCT_BUNDLE_IDENTIFIER = de.dittner.MP3BookTests;
				PRODUCT_NAME = "$(TARGET_NAME)";
				SWIFT_VERSION = 5.0;
				TARGETED_DEVICE_FAMILY = "1,2";
				TEST_HOST = "$(BUILT_PRODUCTS_DIR)/MP3Book.app/MP3Book";
			};
			name = Debug;
		};
		5BE8CAD825C8993D00834AD6 /* Release */ = {
			isa = XCBuildConfiguration;
			buildSettings = {
				ALWAYS_EMBED_SWIFT_STANDARD_LIBRARIES = YES;
				BUNDLE_LOADER = "$(TEST_HOST)";
				CODE_SIGN_STYLE = Automatic;
				DEVELOPMENT_TEAM = F3QYFD9Z4F;
				INFOPLIST_FILE = MP3BookTests/Info.plist;
				IPHONEOS_DEPLOYMENT_TARGET = 14.0;
				LD_RUNPATH_SEARCH_PATHS = (
					"$(inherited)",
					"@executable_path/Frameworks",
					"@loader_path/Frameworks",
				);
				PRODUCT_BUNDLE_IDENTIFIER = de.dittner.MP3BookTests;
				PRODUCT_NAME = "$(TARGET_NAME)";
				SWIFT_VERSION = 5.0;
				TARGETED_DEVICE_FAMILY = "1,2";
				TEST_HOST = "$(BUILT_PRODUCTS_DIR)/MP3Book.app/MP3Book";
			};
			name = Release;
		};
		5BE8CADA25C8993D00834AD6 /* Debug */ = {
			isa = XCBuildConfiguration;
			buildSettings = {
				ALWAYS_EMBED_SWIFT_STANDARD_LIBRARIES = YES;
				CODE_SIGN_STYLE = Automatic;
				DEVELOPMENT_TEAM = F3QYFD9Z4F;
				INFOPLIST_FILE = MP3BookUITests/Info.plist;
				LD_RUNPATH_SEARCH_PATHS = (
					"$(inherited)",
					"@executable_path/Frameworks",
					"@loader_path/Frameworks",
				);
				PRODUCT_BUNDLE_IDENTIFIER = de.dittner.MP3BookUITests;
				PRODUCT_NAME = "$(TARGET_NAME)";
				SWIFT_VERSION = 5.0;
				TARGETED_DEVICE_FAMILY = "1,2";
				TEST_TARGET_NAME = MP3Book;
			};
			name = Debug;
		};
		5BE8CADB25C8993D00834AD6 /* Release */ = {
			isa = XCBuildConfiguration;
			buildSettings = {
				ALWAYS_EMBED_SWIFT_STANDARD_LIBRARIES = YES;
				CODE_SIGN_STYLE = Automatic;
				DEVELOPMENT_TEAM = F3QYFD9Z4F;
				INFOPLIST_FILE = MP3BookUITests/Info.plist;
				LD_RUNPATH_SEARCH_PATHS = (
					"$(inherited)",
					"@executable_path/Frameworks",
					"@loader_path/Frameworks",
				);
				PRODUCT_BUNDLE_IDENTIFIER = de.dittner.MP3BookUITests;
				PRODUCT_NAME = "$(TARGET_NAME)";
				SWIFT_VERSION = 5.0;
				TARGETED_DEVICE_FAMILY = "1,2";
				TEST_TARGET_NAME = MP3Book;
			};
			name = Release;
		};
/* End XCBuildConfiguration section */

/* Begin XCConfigurationList section */
		5BE8CAA925C8993C00834AD6 /* Build configuration list for PBXProject "MP3Book" */ = {
			isa = XCConfigurationList;
			buildConfigurations = (
				5BE8CAD125C8993D00834AD6 /* Debug */,
				5BE8CAD225C8993D00834AD6 /* Release */,
			);
			defaultConfigurationIsVisible = 0;
			defaultConfigurationName = Release;
		};
		5BE8CAD325C8993D00834AD6 /* Build configuration list for PBXNativeTarget "MP3Book" */ = {
			isa = XCConfigurationList;
			buildConfigurations = (
				5BE8CAD425C8993D00834AD6 /* Debug */,
				5BE8CAD525C8993D00834AD6 /* Release */,
			);
			defaultConfigurationIsVisible = 0;
			defaultConfigurationName = Release;
		};
		5BE8CAD625C8993D00834AD6 /* Build configuration list for PBXNativeTarget "MP3BookTests" */ = {
			isa = XCConfigurationList;
			buildConfigurations = (
				5BE8CAD725C8993D00834AD6 /* Debug */,
				5BE8CAD825C8993D00834AD6 /* Release */,
			);
			defaultConfigurationIsVisible = 0;
			defaultConfigurationName = Release;
		};
		5BE8CAD925C8993D00834AD6 /* Build configuration list for PBXNativeTarget "MP3BookUITests" */ = {
			isa = XCConfigurationList;
			buildConfigurations = (
				5BE8CADA25C8993D00834AD6 /* Debug */,
				5BE8CADB25C8993D00834AD6 /* Release */,
			);
			defaultConfigurationIsVisible = 0;
			defaultConfigurationName = Release;
		};
/* End XCConfigurationList section */
	};
	rootObject = 5BE8CAA625C8993C00834AD6 /* Project object */;
}
