// !$*UTF8*$!
{
	archiveVersion = 1;
	classes = {
	};
	objectVersion = 50;
	objects = {

/* Begin PBXBuildFile section */
		5B15E38F25D6A5610033E4FB /* BookRepositoryTests.swift in Sources */ = {isa = PBXBuildFile; fileRef = 5B15E38E25D6A5610033E4FB /* BookRepositoryTests.swift */; };
		5B15E3AC25D6CB070033E4FB /* URLS.swift in Sources */ = {isa = PBXBuildFile; fileRef = 5B15E3AB25D6CB070033E4FB /* URLS.swift */; };
		5B15E3B425D6EC950033E4FB /* UID.swift in Sources */ = {isa = PBXBuildFile; fileRef = 5B15E3B325D6EC950033E4FB /* UID.swift */; };
		5B15E3BC25D6FBF90033E4FB /* Playlist.swift in Sources */ = {isa = PBXBuildFile; fileRef = 5B15E3BB25D6FBF90033E4FB /* Playlist.swift */; };
		5B15E3C425D6FC6D0033E4FB /* PlaylistFile.swift in Sources */ = {isa = PBXBuildFile; fileRef = 5B15E3C325D6FC6D0033E4FB /* PlaylistFile.swift */; };
		5B1C3DBA25D3DAA300B6F15A /* LibraryVM.swift in Sources */ = {isa = PBXBuildFile; fileRef = 5B1C3DB925D3DAA300B6F15A /* LibraryVM.swift */; };
		5B1C3DC025D3E0B800B6F15A /* ActivityIndicator.swift in Sources */ = {isa = PBXBuildFile; fileRef = 5B1C3DBF25D3E0B800B6F15A /* ActivityIndicator.swift */; };
		5B1C3DC825D3E42D00B6F15A /* LibraryContext.swift in Sources */ = {isa = PBXBuildFile; fileRef = 5B1C3DC725D3E42D00B6F15A /* LibraryContext.swift */; };
		5B1C3DCD25D4117100B6F15A /* Thread.swift in Sources */ = {isa = PBXBuildFile; fileRef = 5B1C3DCC25D4117100B6F15A /* Thread.swift */; };
		5B1C3DD225D4184300B6F15A /* Font++.swift in Sources */ = {isa = PBXBuildFile; fileRef = 5B1C3DD125D4184300B6F15A /* Font++.swift */; };
		5B1C3DEC25D46B3600B6F15A /* BookListVM.swift in Sources */ = {isa = PBXBuildFile; fileRef = 5B1C3DEB25D46B3600B6F15A /* BookListVM.swift */; };
		5B1C3DF425D46C2F00B6F15A /* PlaylistContext.swift in Sources */ = {isa = PBXBuildFile; fileRef = 5B1C3DF325D46B6E00B6F15A /* PlaylistContext.swift */; };
		5B1C3DF925D46CB800B6F15A /* Book.swift in Sources */ = {isa = PBXBuildFile; fileRef = 5B1C3DF825D46CB800B6F15A /* Book.swift */; };
		5B39F0EB25C89F5F00BC132C /* AudioFile.swift in Sources */ = {isa = PBXBuildFile; fileRef = 5B39F0EA25C89F5F00BC132C /* AudioFile.swift */; };
		5B39FD9025DC482C00AAAD1D /* Int++.swift in Sources */ = {isa = PBXBuildFile; fileRef = 5B39FD8F25DC482C00AAAD1D /* Int++.swift */; };
		5B4AC38925E3B72400531956 /* NavigationBarShadow.swift in Sources */ = {isa = PBXBuildFile; fileRef = 5B4AC38825E3B72400531956 /* NavigationBarShadow.swift */; };
		5B4AC39225E4247B00531956 /* PlayerView.swift in Sources */ = {isa = PBXBuildFile; fileRef = 5B4AC39125E4247B00531956 /* PlayerView.swift */; };
		5B54376125CD8E0600ECB9A9 /* DemoFileAppServiceTests.swift in Sources */ = {isa = PBXBuildFile; fileRef = 5B54376025CD8E0600ECB9A9 /* DemoFileAppServiceTests.swift */; };
		5B62198425D132B4000412EB /* NavigationBar.swift in Sources */ = {isa = PBXBuildFile; fileRef = 5B62198325D132B4000412EB /* NavigationBar.swift */; };
		5B62198A25D132ED000412EB /* CornerRadiusStyle.swift in Sources */ = {isa = PBXBuildFile; fileRef = 5B62198925D132ED000412EB /* CornerRadiusStyle.swift */; };
		5B62199025D1358F000412EB /* Theme.swift in Sources */ = {isa = PBXBuildFile; fileRef = 5B62198F25D1358F000412EB /* Theme.swift */; };
		5B62199C25D14C21000412EB /* Buttons.swift in Sources */ = {isa = PBXBuildFile; fileRef = 5B62199B25D14C21000412EB /* Buttons.swift */; };
		5B62634925D538AB008CADA4 /* AVFoundation.framework in Frameworks */ = {isa = PBXBuildFile; fileRef = 5B62634825D538AB008CADA4 /* AVFoundation.framework */; };
		5B62634B25D538C0008CADA4 /* AudioToolbox.framework in Frameworks */ = {isa = PBXBuildFile; fileRef = 5B62634A25D538C0008CADA4 /* AudioToolbox.framework */; };
		5B62635025D540FE008CADA4 /* HSeparatorView.swift in Sources */ = {isa = PBXBuildFile; fileRef = 5B62634F25D540FE008CADA4 /* HSeparatorView.swift */; };
		5B63739425E12A5F00FB7BBE /* Bookmark.swift in Sources */ = {isa = PBXBuildFile; fileRef = 5B63739325E12A5F00FB7BBE /* Bookmark.swift */; };
		5B63739C25E18EB200FB7BBE /* Assets.xcassets in Resources */ = {isa = PBXBuildFile; fileRef = 5B63739B25E18EB200FB7BBE /* Assets.xcassets */; };
		5B6382BA25D5767F00B86CAC /* OutputPort.swift in Sources */ = {isa = PBXBuildFile; fileRef = 5B6382B925D5767F00B86CAC /* OutputPort.swift */; };
		5B6382C825D576E300B86CAC /* PortAdapterTests.swift in Sources */ = {isa = PBXBuildFile; fileRef = 5B6382C025D576C300B86CAC /* PortAdapterTests.swift */; };
		5B6382CE25D5CF2400B86CAC /* IBookRepository.swift in Sources */ = {isa = PBXBuildFile; fileRef = 5B6382CD25D5CF2400B86CAC /* IBookRepository.swift */; };
		5B6382D325D5D08900B86CAC /* JSONBookRepository.swift in Sources */ = {isa = PBXBuildFile; fileRef = 5B6382D225D5D08900B86CAC /* JSONBookRepository.swift */; };
		5B6382DB25D5D36A00B86CAC /* ISerializer.swift in Sources */ = {isa = PBXBuildFile; fileRef = 5B6382DA25D5D36A00B86CAC /* ISerializer.swift */; };
		5B6382E125D5D5B500B86CAC /* BookSerializer.swift in Sources */ = {isa = PBXBuildFile; fileRef = 5B6382E025D5D5B500B86CAC /* BookSerializer.swift */; };
		5B6382E925D5D93900B86CAC /* AudioFileSerializer.swift in Sources */ = {isa = PBXBuildFile; fileRef = 5B6382E825D5D93900B86CAC /* AudioFileSerializer.swift */; };
		5B92343325E27E4D0050ACD3 /* VSeparatorView.swift in Sources */ = {isa = PBXBuildFile; fileRef = 5B92343225E27E4C0050ACD3 /* VSeparatorView.swift */; };
		5B94BA4725CF43A900E7127C /* Color++.swift in Sources */ = {isa = PBXBuildFile; fileRef = 5B94BA4625CF43A900E7127C /* Color++.swift */; };
		5B94D8EB25D00D3D0054B23C /* BookListView.swift in Sources */ = {isa = PBXBuildFile; fileRef = 5B94D8EA25D00D3D0054B23C /* BookListView.swift */; };
		5B9EA84B25CC1AC4009B14A5 /* DemoFileAppService.swift in Sources */ = {isa = PBXBuildFile; fileRef = 5B9EA84625CC1AC4009B14A5 /* DemoFileAppService.swift */; };
		5B9EA84C25CC1AC4009B14A5 /* LogStore.swift in Sources */ = {isa = PBXBuildFile; fileRef = 5B9EA84725CC1AC4009B14A5 /* LogStore.swift */; };
		5B9EA84D25CC1AC4009B14A5 /* DateTimeUtils.swift in Sources */ = {isa = PBXBuildFile; fileRef = 5B9EA84825CC1AC4009B14A5 /* DateTimeUtils.swift */; };
		5B9EA85425CC1BF0009B14A5 /* UIDevice++.swift in Sources */ = {isa = PBXBuildFile; fileRef = 5B9EA85125CC1BF0009B14A5 /* UIDevice++.swift */; };
		5B9EA85625CC1BF0009B14A5 /* URL++.swift in Sources */ = {isa = PBXBuildFile; fileRef = 5B9EA85325CC1BF0009B14A5 /* URL++.swift */; };
		5B9EA86425CC3624009B14A5 /* Bootstrap.swift in Sources */ = {isa = PBXBuildFile; fileRef = 5B9EA86325CC3624009B14A5 /* Bootstrap.swift */; };
		5B9EA87D25CC5C5F009B14A5 /* record.mp3 in Resources */ = {isa = PBXBuildFile; fileRef = 5B9EA87A25CC5C5F009B14A5 /* record.mp3 */; };
		5B9EA87E25CC5C5F009B14A5 /* readme_screenshoots.jpg in Resources */ = {isa = PBXBuildFile; fileRef = 5B9EA87B25CC5C5F009B14A5 /* readme_screenshoots.jpg */; };
		5B9EA87F25CC5C5F009B14A5 /* appStoreIcon.svg in Resources */ = {isa = PBXBuildFile; fileRef = 5B9EA87C25CC5C5F009B14A5 /* appStoreIcon.svg */; };
		5B9EA88425CC5F16009B14A5 /* DetailedError.swift in Sources */ = {isa = PBXBuildFile; fileRef = 5B9EA88325CC5F16009B14A5 /* DetailedError.swift */; };
		5BA4553B25DA5E32001160CF /* PlaylistBooksToHashMapper.swift in Sources */ = {isa = PBXBuildFile; fileRef = 5BA4553A25DA5E32001160CF /* PlaylistBooksToHashMapper.swift */; };
		5BA4554325DAA3A6001160CF /* Array++.swift in Sources */ = {isa = PBXBuildFile; fileRef = 5BA4554225DAA3A3001160CF /* Array++.swift */; };
		5BA4555325DAE5D7001160CF /* PlayerAppService.swift in Sources */ = {isa = PBXBuildFile; fileRef = 5BA4555225DAE5D7001160CF /* PlayerAppService.swift */; };
		5BA4555825DAE6AC001160CF /* MediaAPI.swift in Sources */ = {isa = PBXBuildFile; fileRef = 5BA4555725DAE6AC001160CF /* MediaAPI.swift */; };
		5BBD49B225D94DF7009480B4 /* PlaylistDomainEntity.swift in Sources */ = {isa = PBXBuildFile; fileRef = 5BBD49B125D94DF7009480B4 /* PlaylistDomainEntity.swift */; };
		5BD0EF4B25D80A00006CF6B0 /* AddBooksToPlaylistDomainService.swift in Sources */ = {isa = PBXBuildFile; fileRef = 5BD0EF4A25D80A00006CF6B0 /* AddBooksToPlaylistDomainService.swift */; };
		5BD0EF5825D821F8006CF6B0 /* BookSerializerTests.swift in Sources */ = {isa = PBXBuildFile; fileRef = 5BD0EF5725D821F8006CF6B0 /* BookSerializerTests.swift */; };
		5BD0EF5D25D82F49006CF6B0 /* DomainEventDispatcher.swift in Sources */ = {isa = PBXBuildFile; fileRef = 5BD0EF5C25D82F46006CF6B0 /* DomainEventDispatcher.swift */; };
		5BD0EF7025D83748006CF6B0 /* SharedContext.swift in Sources */ = {isa = PBXBuildFile; fileRef = 5BD0EF6F25D83748006CF6B0 /* SharedContext.swift */; };
		5BD0EF7A25D83A13006CF6B0 /* FolderToMP3BookMapper.swift in Sources */ = {isa = PBXBuildFile; fileRef = 5B15E3CF25D73CA50033E4FB /* FolderToMP3BookMapper.swift */; };
		5BD0EF8125D83A18006CF6B0 /* PlaylistToMP3BookMapper.swift in Sources */ = {isa = PBXBuildFile; fileRef = 5B15E3D725D73CC50033E4FB /* PlaylistToMP3BookMapper.swift */; };
		5BD0EF8925D852FD006CF6B0 /* XCTestCase++.swift in Sources */ = {isa = PBXBuildFile; fileRef = 5BD0EF8825D852FD006CF6B0 /* XCTestCase++.swift */; };
		5BE0996525DD1C53000A7183 /* SliderView.swift in Sources */ = {isa = PBXBuildFile; fileRef = 5BE0996425DD1C53000A7183 /* SliderView.swift */; };
		5BE0996A25DDAACD000A7183 /* SystemVolume.swift in Sources */ = {isa = PBXBuildFile; fileRef = 5BE0996925DDAACD000A7183 /* SystemVolume.swift */; };
		5BE8CAB225C8993C00834AD6 /* MP3BookApp.swift in Sources */ = {isa = PBXBuildFile; fileRef = 5BE8CAB125C8993C00834AD6 /* MP3BookApp.swift */; };
		5BE8CAB425C8993C00834AD6 /* LibraryView.swift in Sources */ = {isa = PBXBuildFile; fileRef = 5BE8CAB325C8993C00834AD6 /* LibraryView.swift */; };
		5BE8CAB925C8993D00834AD6 /* Preview Assets.xcassets in Resources */ = {isa = PBXBuildFile; fileRef = 5BE8CAB825C8993D00834AD6 /* Preview Assets.xcassets */; };
		5BE8CACF25C8993D00834AD6 /* MP3BookUITests.swift in Sources */ = {isa = PBXBuildFile; fileRef = 5BE8CACE25C8993D00834AD6 /* MP3BookUITests.swift */; };
		5BE92F0C25DED3C40029CC59 /* DownArrow.swift in Sources */ = {isa = PBXBuildFile; fileRef = 5BE92F0B25DED3C40029CC59 /* DownArrow.swift */; };
		5BE92F1125DEEF770029CC59 /* AudioFileListView.swift in Sources */ = {isa = PBXBuildFile; fileRef = 5BE92F1025DEEF770029CC59 /* AudioFileListView.swift */; };
		5BE92F1625DEEFA10029CC59 /* AudioFileListVM.swift in Sources */ = {isa = PBXBuildFile; fileRef = 5BE92F1525DEEFA10029CC59 /* AudioFileListVM.swift */; };
		5BF263F025E0576500B2CBCC /* Navigator.swift in Sources */ = {isa = PBXBuildFile; fileRef = 5BF263EF25E0576500B2CBCC /* Navigator.swift */; };
		5BF263F825E057A500B2CBCC /* ViewModel.swift in Sources */ = {isa = PBXBuildFile; fileRef = 5BF263F725E057A500B2CBCC /* ViewModel.swift */; };
		5BF7530A25CDBC5900C3F1E0 /* test.mp3 in Resources */ = {isa = PBXBuildFile; fileRef = 5BF7530625CDBC2700C3F1E0 /* test.mp3 */; };
		5BF7532925CDBDC000C3F1E0 /* George Orwell – 1984 in Resources */ = {isa = PBXBuildFile; fileRef = 5BF7532825CDBDBF00C3F1E0 /* George Orwell – 1984 */; };
		5BF7533825CDC3C100C3F1E0 /* Folder.swift in Sources */ = {isa = PBXBuildFile; fileRef = 5BF7533725CDC3C100C3F1E0 /* Folder.swift */; };
		5BF7533D25CDC4E300C3F1E0 /* FolderFile.swift in Sources */ = {isa = PBXBuildFile; fileRef = 5BF7533C25CDC4E300C3F1E0 /* FolderFile.swift */; };
		5BF7534325CDC8C300C3F1E0 /* DocumentsAppService.swift in Sources */ = {isa = PBXBuildFile; fileRef = 5BF7534225CDC8C300C3F1E0 /* DocumentsAppService.swift */; };
		5BF7534E25CDCB0200C3F1E0 /* DocumentsAppServiceTests.swift in Sources */ = {isa = PBXBuildFile; fileRef = 5BF7534D25CDCA9200C3F1E0 /* DocumentsAppServiceTests.swift */; };
		5BF7535925CDD12D00C3F1E0 /* IPodAppService.swift in Sources */ = {isa = PBXBuildFile; fileRef = 5BF7535825CDD12D00C3F1E0 /* IPodAppService.swift */; };
/* End PBXBuildFile section */

/* Begin PBXContainerItemProxy section */
		5BE8CAC025C8993D00834AD6 /* PBXContainerItemProxy */ = {
			isa = PBXContainerItemProxy;
			containerPortal = 5BE8CAA625C8993C00834AD6 /* Project object */;
			proxyType = 1;
			remoteGlobalIDString = 5BE8CAAD25C8993C00834AD6;
			remoteInfo = MP3Book;
		};
		5BE8CACB25C8993D00834AD6 /* PBXContainerItemProxy */ = {
			isa = PBXContainerItemProxy;
			containerPortal = 5BE8CAA625C8993C00834AD6 /* Project object */;
			proxyType = 1;
			remoteGlobalIDString = 5BE8CAAD25C8993C00834AD6;
			remoteInfo = MP3Book;
		};
/* End PBXContainerItemProxy section */

/* Begin PBXFileReference section */
		5B15E38E25D6A5610033E4FB /* BookRepositoryTests.swift */ = {isa = PBXFileReference; lastKnownFileType = sourcecode.swift; path = BookRepositoryTests.swift; sourceTree = "<group>"; };
		5B15E3AB25D6CB070033E4FB /* URLS.swift */ = {isa = PBXFileReference; lastKnownFileType = sourcecode.swift; path = URLS.swift; sourceTree = "<group>"; };
		5B15E3B325D6EC950033E4FB /* UID.swift */ = {isa = PBXFileReference; lastKnownFileType = sourcecode.swift; path = UID.swift; sourceTree = "<group>"; };
		5B15E3BB25D6FBF90033E4FB /* Playlist.swift */ = {isa = PBXFileReference; lastKnownFileType = sourcecode.swift; path = Playlist.swift; sourceTree = "<group>"; };
		5B15E3C325D6FC6D0033E4FB /* PlaylistFile.swift */ = {isa = PBXFileReference; lastKnownFileType = sourcecode.swift; path = PlaylistFile.swift; sourceTree = "<group>"; };
		5B15E3CF25D73CA50033E4FB /* FolderToMP3BookMapper.swift */ = {isa = PBXFileReference; lastKnownFileType = sourcecode.swift; path = FolderToMP3BookMapper.swift; sourceTree = "<group>"; };
		5B15E3D725D73CC50033E4FB /* PlaylistToMP3BookMapper.swift */ = {isa = PBXFileReference; lastKnownFileType = sourcecode.swift; path = PlaylistToMP3BookMapper.swift; sourceTree = "<group>"; };
		5B1C3DB925D3DAA300B6F15A /* LibraryVM.swift */ = {isa = PBXFileReference; lastKnownFileType = sourcecode.swift; path = LibraryVM.swift; sourceTree = "<group>"; };
		5B1C3DBF25D3E0B800B6F15A /* ActivityIndicator.swift */ = {isa = PBXFileReference; lastKnownFileType = sourcecode.swift; path = ActivityIndicator.swift; sourceTree = "<group>"; };
		5B1C3DC725D3E42D00B6F15A /* LibraryContext.swift */ = {isa = PBXFileReference; lastKnownFileType = sourcecode.swift; path = LibraryContext.swift; sourceTree = "<group>"; };
		5B1C3DCC25D4117100B6F15A /* Thread.swift */ = {isa = PBXFileReference; lastKnownFileType = sourcecode.swift; path = Thread.swift; sourceTree = "<group>"; };
		5B1C3DD125D4184300B6F15A /* Font++.swift */ = {isa = PBXFileReference; lastKnownFileType = sourcecode.swift; path = "Font++.swift"; sourceTree = "<group>"; };
		5B1C3DEB25D46B3600B6F15A /* BookListVM.swift */ = {isa = PBXFileReference; lastKnownFileType = sourcecode.swift; path = BookListVM.swift; sourceTree = "<group>"; };
		5B1C3DF325D46B6E00B6F15A /* PlaylistContext.swift */ = {isa = PBXFileReference; lastKnownFileType = sourcecode.swift; path = PlaylistContext.swift; sourceTree = "<group>"; };
		5B1C3DF825D46CB800B6F15A /* Book.swift */ = {isa = PBXFileReference; lastKnownFileType = sourcecode.swift; path = Book.swift; sourceTree = "<group>"; };
		5B39F0EA25C89F5F00BC132C /* AudioFile.swift */ = {isa = PBXFileReference; lastKnownFileType = sourcecode.swift; path = AudioFile.swift; sourceTree = "<group>"; };
		5B39FD8F25DC482C00AAAD1D /* Int++.swift */ = {isa = PBXFileReference; lastKnownFileType = sourcecode.swift; path = "Int++.swift"; sourceTree = "<group>"; };
		5B4AC38825E3B72400531956 /* NavigationBarShadow.swift */ = {isa = PBXFileReference; lastKnownFileType = sourcecode.swift; path = NavigationBarShadow.swift; sourceTree = "<group>"; };
		5B4AC39125E4247B00531956 /* PlayerView.swift */ = {isa = PBXFileReference; lastKnownFileType = sourcecode.swift; path = PlayerView.swift; sourceTree = "<group>"; };
		5B54376025CD8E0600ECB9A9 /* DemoFileAppServiceTests.swift */ = {isa = PBXFileReference; lastKnownFileType = sourcecode.swift; path = DemoFileAppServiceTests.swift; sourceTree = "<group>"; };
		5B62198325D132B4000412EB /* NavigationBar.swift */ = {isa = PBXFileReference; lastKnownFileType = sourcecode.swift; path = NavigationBar.swift; sourceTree = "<group>"; };
		5B62198925D132ED000412EB /* CornerRadiusStyle.swift */ = {isa = PBXFileReference; lastKnownFileType = sourcecode.swift; path = CornerRadiusStyle.swift; sourceTree = "<group>"; };
		5B62198F25D1358F000412EB /* Theme.swift */ = {isa = PBXFileReference; lastKnownFileType = sourcecode.swift; path = Theme.swift; sourceTree = "<group>"; };
		5B62199B25D14C21000412EB /* Buttons.swift */ = {isa = PBXFileReference; lastKnownFileType = sourcecode.swift; path = Buttons.swift; sourceTree = "<group>"; };
		5B62634825D538AB008CADA4 /* AVFoundation.framework */ = {isa = PBXFileReference; lastKnownFileType = wrapper.framework; name = AVFoundation.framework; path = System/Library/Frameworks/AVFoundation.framework; sourceTree = SDKROOT; };
		5B62634A25D538C0008CADA4 /* AudioToolbox.framework */ = {isa = PBXFileReference; lastKnownFileType = wrapper.framework; name = AudioToolbox.framework; path = System/Library/Frameworks/AudioToolbox.framework; sourceTree = SDKROOT; };
		5B62634F25D540FE008CADA4 /* HSeparatorView.swift */ = {isa = PBXFileReference; lastKnownFileType = sourcecode.swift; path = HSeparatorView.swift; sourceTree = "<group>"; };
		5B63739325E12A5F00FB7BBE /* Bookmark.swift */ = {isa = PBXFileReference; lastKnownFileType = sourcecode.swift; path = Bookmark.swift; sourceTree = "<group>"; };
		5B63739B25E18EB200FB7BBE /* Assets.xcassets */ = {isa = PBXFileReference; lastKnownFileType = folder.assetcatalog; path = Assets.xcassets; sourceTree = "<group>"; };
		5B6382B925D5767F00B86CAC /* OutputPort.swift */ = {isa = PBXFileReference; lastKnownFileType = sourcecode.swift; path = OutputPort.swift; sourceTree = "<group>"; };
		5B6382C025D576C300B86CAC /* PortAdapterTests.swift */ = {isa = PBXFileReference; lastKnownFileType = sourcecode.swift; path = PortAdapterTests.swift; sourceTree = "<group>"; };
		5B6382CD25D5CF2400B86CAC /* IBookRepository.swift */ = {isa = PBXFileReference; lastKnownFileType = sourcecode.swift; path = IBookRepository.swift; sourceTree = "<group>"; };
		5B6382D225D5D08900B86CAC /* JSONBookRepository.swift */ = {isa = PBXFileReference; lastKnownFileType = sourcecode.swift; path = JSONBookRepository.swift; sourceTree = "<group>"; };
		5B6382DA25D5D36A00B86CAC /* ISerializer.swift */ = {isa = PBXFileReference; lastKnownFileType = sourcecode.swift; path = ISerializer.swift; sourceTree = "<group>"; };
		5B6382E025D5D5B500B86CAC /* BookSerializer.swift */ = {isa = PBXFileReference; lastKnownFileType = sourcecode.swift; path = BookSerializer.swift; sourceTree = "<group>"; };
		5B6382E825D5D93900B86CAC /* AudioFileSerializer.swift */ = {isa = PBXFileReference; lastKnownFileType = sourcecode.swift; path = AudioFileSerializer.swift; sourceTree = "<group>"; };
		5B92343225E27E4C0050ACD3 /* VSeparatorView.swift */ = {isa = PBXFileReference; lastKnownFileType = sourcecode.swift; path = VSeparatorView.swift; sourceTree = "<group>"; };
		5B94BA4625CF43A900E7127C /* Color++.swift */ = {isa = PBXFileReference; lastKnownFileType = sourcecode.swift; path = "Color++.swift"; sourceTree = "<group>"; };
		5B94D8EA25D00D3D0054B23C /* BookListView.swift */ = {isa = PBXFileReference; lastKnownFileType = sourcecode.swift; path = BookListView.swift; sourceTree = "<group>"; };
		5B9EA84625CC1AC4009B14A5 /* DemoFileAppService.swift */ = {isa = PBXFileReference; fileEncoding = 4; lastKnownFileType = sourcecode.swift; path = DemoFileAppService.swift; sourceTree = "<group>"; };
		5B9EA84725CC1AC4009B14A5 /* LogStore.swift */ = {isa = PBXFileReference; fileEncoding = 4; lastKnownFileType = sourcecode.swift; path = LogStore.swift; sourceTree = "<group>"; };
		5B9EA84825CC1AC4009B14A5 /* DateTimeUtils.swift */ = {isa = PBXFileReference; fileEncoding = 4; lastKnownFileType = sourcecode.swift; path = DateTimeUtils.swift; sourceTree = "<group>"; };
		5B9EA85125CC1BF0009B14A5 /* UIDevice++.swift */ = {isa = PBXFileReference; fileEncoding = 4; lastKnownFileType = sourcecode.swift; path = "UIDevice++.swift"; sourceTree = "<group>"; };
		5B9EA85325CC1BF0009B14A5 /* URL++.swift */ = {isa = PBXFileReference; fileEncoding = 4; lastKnownFileType = sourcecode.swift; path = "URL++.swift"; sourceTree = "<group>"; };
		5B9EA86325CC3624009B14A5 /* Bootstrap.swift */ = {isa = PBXFileReference; lastKnownFileType = sourcecode.swift; path = Bootstrap.swift; sourceTree = "<group>"; };
		5B9EA87A25CC5C5F009B14A5 /* record.mp3 */ = {isa = PBXFileReference; lastKnownFileType = audio.mp3; path = record.mp3; sourceTree = "<group>"; };
		5B9EA87B25CC5C5F009B14A5 /* readme_screenshoots.jpg */ = {isa = PBXFileReference; lastKnownFileType = image.jpeg; path = readme_screenshoots.jpg; sourceTree = "<group>"; };
		5B9EA87C25CC5C5F009B14A5 /* appStoreIcon.svg */ = {isa = PBXFileReference; fileEncoding = 4; lastKnownFileType = text.xml; path = appStoreIcon.svg; sourceTree = "<group>"; };
		5B9EA88325CC5F16009B14A5 /* DetailedError.swift */ = {isa = PBXFileReference; lastKnownFileType = sourcecode.swift; path = DetailedError.swift; sourceTree = "<group>"; };
		5BA4553A25DA5E32001160CF /* PlaylistBooksToHashMapper.swift */ = {isa = PBXFileReference; lastKnownFileType = sourcecode.swift; path = PlaylistBooksToHashMapper.swift; sourceTree = "<group>"; };
		5BA4554225DAA3A3001160CF /* Array++.swift */ = {isa = PBXFileReference; lastKnownFileType = sourcecode.swift; name = "Array++.swift"; path = "../Array++.swift"; sourceTree = "<group>"; };
		5BA4555225DAE5D7001160CF /* PlayerAppService.swift */ = {isa = PBXFileReference; lastKnownFileType = sourcecode.swift; path = PlayerAppService.swift; sourceTree = "<group>"; };
		5BA4555725DAE6AC001160CF /* MediaAPI.swift */ = {isa = PBXFileReference; lastKnownFileType = sourcecode.swift; path = MediaAPI.swift; sourceTree = "<group>"; };
		5BBD49B125D94DF7009480B4 /* PlaylistDomainEntity.swift */ = {isa = PBXFileReference; lastKnownFileType = sourcecode.swift; path = PlaylistDomainEntity.swift; sourceTree = "<group>"; };
		5BD0EF4A25D80A00006CF6B0 /* AddBooksToPlaylistDomainService.swift */ = {isa = PBXFileReference; lastKnownFileType = sourcecode.swift; path = AddBooksToPlaylistDomainService.swift; sourceTree = "<group>"; };
		5BD0EF5725D821F8006CF6B0 /* BookSerializerTests.swift */ = {isa = PBXFileReference; lastKnownFileType = sourcecode.swift; path = BookSerializerTests.swift; sourceTree = "<group>"; };
		5BD0EF5C25D82F46006CF6B0 /* DomainEventDispatcher.swift */ = {isa = PBXFileReference; lastKnownFileType = sourcecode.swift; path = DomainEventDispatcher.swift; sourceTree = "<group>"; };
		5BD0EF6F25D83748006CF6B0 /* SharedContext.swift */ = {isa = PBXFileReference; lastKnownFileType = sourcecode.swift; path = SharedContext.swift; sourceTree = "<group>"; };
		5BD0EF8825D852FD006CF6B0 /* XCTestCase++.swift */ = {isa = PBXFileReference; lastKnownFileType = sourcecode.swift; path = "XCTestCase++.swift"; sourceTree = "<group>"; };
		5BE0996425DD1C53000A7183 /* SliderView.swift */ = {isa = PBXFileReference; lastKnownFileType = sourcecode.swift; path = SliderView.swift; sourceTree = "<group>"; };
		5BE0996925DDAACD000A7183 /* SystemVolume.swift */ = {isa = PBXFileReference; lastKnownFileType = sourcecode.swift; path = SystemVolume.swift; sourceTree = "<group>"; };
		5BE8CAAE25C8993C00834AD6 /* MP3Book.app */ = {isa = PBXFileReference; explicitFileType = wrapper.application; includeInIndex = 0; path = MP3Book.app; sourceTree = BUILT_PRODUCTS_DIR; };
		5BE8CAB125C8993C00834AD6 /* MP3BookApp.swift */ = {isa = PBXFileReference; lastKnownFileType = sourcecode.swift; path = MP3BookApp.swift; sourceTree = "<group>"; };
		5BE8CAB325C8993C00834AD6 /* LibraryView.swift */ = {isa = PBXFileReference; lastKnownFileType = sourcecode.swift; path = LibraryView.swift; sourceTree = "<group>"; };
		5BE8CAB825C8993D00834AD6 /* Preview Assets.xcassets */ = {isa = PBXFileReference; lastKnownFileType = folder.assetcatalog; path = "Preview Assets.xcassets"; sourceTree = "<group>"; };
		5BE8CABA25C8993D00834AD6 /* Info.plist */ = {isa = PBXFileReference; lastKnownFileType = text.plist.xml; path = Info.plist; sourceTree = "<group>"; };
		5BE8CABF25C8993D00834AD6 /* MP3BookTests.xctest */ = {isa = PBXFileReference; explicitFileType = wrapper.cfbundle; includeInIndex = 0; path = MP3BookTests.xctest; sourceTree = BUILT_PRODUCTS_DIR; };
		5BE8CAC525C8993D00834AD6 /* Info.plist */ = {isa = PBXFileReference; lastKnownFileType = text.plist.xml; path = Info.plist; sourceTree = "<group>"; };
		5BE8CACA25C8993D00834AD6 /* MP3BookUITests.xctest */ = {isa = PBXFileReference; explicitFileType = wrapper.cfbundle; includeInIndex = 0; path = MP3BookUITests.xctest; sourceTree = BUILT_PRODUCTS_DIR; };
		5BE8CACE25C8993D00834AD6 /* MP3BookUITests.swift */ = {isa = PBXFileReference; lastKnownFileType = sourcecode.swift; path = MP3BookUITests.swift; sourceTree = "<group>"; };
		5BE8CAD025C8993D00834AD6 /* Info.plist */ = {isa = PBXFileReference; lastKnownFileType = text.plist.xml; path = Info.plist; sourceTree = "<group>"; };
		5BE92F0B25DED3C40029CC59 /* DownArrow.swift */ = {isa = PBXFileReference; lastKnownFileType = sourcecode.swift; path = DownArrow.swift; sourceTree = "<group>"; };
		5BE92F1025DEEF770029CC59 /* AudioFileListView.swift */ = {isa = PBXFileReference; lastKnownFileType = sourcecode.swift; path = AudioFileListView.swift; sourceTree = "<group>"; };
		5BE92F1525DEEFA10029CC59 /* AudioFileListVM.swift */ = {isa = PBXFileReference; lastKnownFileType = sourcecode.swift; path = AudioFileListVM.swift; sourceTree = "<group>"; };
		5BF263EF25E0576500B2CBCC /* Navigator.swift */ = {isa = PBXFileReference; lastKnownFileType = sourcecode.swift; path = Navigator.swift; sourceTree = "<group>"; };
		5BF263F725E057A500B2CBCC /* ViewModel.swift */ = {isa = PBXFileReference; lastKnownFileType = sourcecode.swift; path = ViewModel.swift; sourceTree = "<group>"; };
		5BF7530625CDBC2700C3F1E0 /* test.mp3 */ = {isa = PBXFileReference; lastKnownFileType = audio.mp3; path = test.mp3; sourceTree = "<group>"; };
		5BF7532825CDBDBF00C3F1E0 /* George Orwell – 1984 */ = {isa = PBXFileReference; lastKnownFileType = folder; path = "George Orwell – 1984"; sourceTree = "<group>"; };
		5BF7533725CDC3C100C3F1E0 /* Folder.swift */ = {isa = PBXFileReference; lastKnownFileType = sourcecode.swift; path = Folder.swift; sourceTree = "<group>"; };
		5BF7533C25CDC4E300C3F1E0 /* FolderFile.swift */ = {isa = PBXFileReference; lastKnownFileType = sourcecode.swift; path = FolderFile.swift; sourceTree = "<group>"; };
		5BF7534225CDC8C300C3F1E0 /* DocumentsAppService.swift */ = {isa = PBXFileReference; lastKnownFileType = sourcecode.swift; path = DocumentsAppService.swift; sourceTree = "<group>"; };
		5BF7534D25CDCA9200C3F1E0 /* DocumentsAppServiceTests.swift */ = {isa = PBXFileReference; lastKnownFileType = sourcecode.swift; path = DocumentsAppServiceTests.swift; sourceTree = "<group>"; };
		5BF7535825CDD12D00C3F1E0 /* IPodAppService.swift */ = {isa = PBXFileReference; lastKnownFileType = sourcecode.swift; path = IPodAppService.swift; sourceTree = "<group>"; };
/* End PBXFileReference section */

/* Begin PBXFrameworksBuildPhase section */
		5BE8CAAB25C8993C00834AD6 /* Frameworks */ = {
			isa = PBXFrameworksBuildPhase;
			buildActionMask = 2147483647;
			files = (
				5B62634925D538AB008CADA4 /* AVFoundation.framework in Frameworks */,
				5B62634B25D538C0008CADA4 /* AudioToolbox.framework in Frameworks */,
			);
			runOnlyForDeploymentPostprocessing = 0;
		};
		5BE8CABC25C8993D00834AD6 /* Frameworks */ = {
			isa = PBXFrameworksBuildPhase;
			buildActionMask = 2147483647;
			files = (
			);
			runOnlyForDeploymentPostprocessing = 0;
		};
		5BE8CAC725C8993D00834AD6 /* Frameworks */ = {
			isa = PBXFrameworksBuildPhase;
			buildActionMask = 2147483647;
			files = (
			);
			runOnlyForDeploymentPostprocessing = 0;
		};
/* End PBXFrameworksBuildPhase section */

/* Begin PBXGroup section */
		5B15E39325D6A57E0033E4FB /* infrastructure */ = {
			isa = PBXGroup;
			children = (
				5B15E38E25D6A5610033E4FB /* BookRepositoryTests.swift */,
				5BD0EF5725D821F8006CF6B0 /* BookSerializerTests.swift */,
			);
			path = infrastructure;
			sourceTree = "<group>";
		};
		5B15E3CE25D73C940033E4FB /* mapper */ = {
			isa = PBXGroup;
			children = (
				5BA4553A25DA5E32001160CF /* PlaylistBooksToHashMapper.swift */,
				5B15E3CF25D73CA50033E4FB /* FolderToMP3BookMapper.swift */,
				5B15E3D725D73CC50033E4FB /* PlaylistToMP3BookMapper.swift */,
			);
			path = mapper;
			sourceTree = "<group>";
		};
		5B1C3DBE25D3E0A600B6F15A /* controls */ = {
			isa = PBXGroup;
			children = (
				5B1C3DBF25D3E0B800B6F15A /* ActivityIndicator.swift */,
			);
			path = controls;
			sourceTree = "<group>";
		};
		5B1C3DD625D41D5600B6F15A /* common */ = {
			isa = PBXGroup;
			children = (
				5B1C3DD125D4184300B6F15A /* Font++.swift */,
				5B94BA4625CF43A900E7127C /* Color++.swift */,
				5B62199B25D14C21000412EB /* Buttons.swift */,
				5B62198F25D1358F000412EB /* Theme.swift */,
				5B62198925D132ED000412EB /* CornerRadiusStyle.swift */,
				5B62198325D132B4000412EB /* NavigationBar.swift */,
				5B4AC38825E3B72400531956 /* NavigationBarShadow.swift */,
				5B62634F25D540FE008CADA4 /* HSeparatorView.swift */,
				5B92343225E27E4C0050ACD3 /* VSeparatorView.swift */,
				5BE0996425DD1C53000A7183 /* SliderView.swift */,
				5BE92F0B25DED3C40029CC59 /* DownArrow.swift */,
			);
			path = common;
			sourceTree = "<group>";
		};
		5B39F0E725C89F1300BC132C /* playlist */ = {
			isa = PBXGroup;
			children = (
				5B9EA84325CC1A70009B14A5 /* infrastructure */,
				5B9EA86025CC355C009B14A5 /* ui */,
				5B9EA84225CC1A5D009B14A5 /* application */,
				5B39F0E825C89F3600BC132C /* domain */,
			);
			path = playlist;
			sourceTree = "<group>";
		};
		5B39F0E825C89F3600BC132C /* domain */ = {
			isa = PBXGroup;
			children = (
				5BD0EF4925D809DD006CF6B0 /* service */,
				5B6382CC25D5CEFA00B86CAC /* repository */,
				5B39F0E925C89F4D00BC132C /* model */,
				5BD0EF5C25D82F46006CF6B0 /* DomainEventDispatcher.swift */,
				5BBD49B125D94DF7009480B4 /* PlaylistDomainEntity.swift */,
			);
			path = domain;
			sourceTree = "<group>";
		};
		5B39F0E925C89F4D00BC132C /* model */ = {
			isa = PBXGroup;
			children = (
				5B39F0EA25C89F5F00BC132C /* AudioFile.swift */,
				5B1C3DF825D46CB800B6F15A /* Book.swift */,
				5B63739325E12A5F00FB7BBE /* Bookmark.swift */,
			);
			path = model;
			sourceTree = "<group>";
		};
		5B4AC39025E4246F00531956 /* common */ = {
			isa = PBXGroup;
			children = (
				5B4AC39125E4247B00531956 /* PlayerView.swift */,
			);
			path = common;
			sourceTree = "<group>";
		};
		5B51F9C825D008FC00323635 /* ui */ = {
			isa = PBXGroup;
			children = (
				5B51F9C925D0090200323635 /* view */,
			);
			path = ui;
			sourceTree = "<group>";
		};
		5B51F9C925D0090200323635 /* view */ = {
			isa = PBXGroup;
			children = (
				5B1C3DBE25D3E0A600B6F15A /* controls */,
				5BE8CAB325C8993C00834AD6 /* LibraryView.swift */,
				5B1C3DB925D3DAA300B6F15A /* LibraryVM.swift */,
			);
			path = view;
			sourceTree = "<group>";
		};
		5B54375F25CD8DB600ECB9A9 /* application */ = {
			isa = PBXGroup;
			children = (
				5B54376025CD8E0600ECB9A9 /* DemoFileAppServiceTests.swift */,
			);
			path = application;
			sourceTree = "<group>";
		};
		5B62634725D538AB008CADA4 /* Frameworks */ = {
			isa = PBXGroup;
			children = (
				5B62634A25D538C0008CADA4 /* AudioToolbox.framework */,
				5B62634825D538AB008CADA4 /* AVFoundation.framework */,
			);
			name = Frameworks;
			sourceTree = "<group>";
		};
		5B6382BE25D576A100B86CAC /* shared */ = {
			isa = PBXGroup;
			children = (
				5B6382BF25D576A800B86CAC /* infrastructure */,
			);
			path = shared;
			sourceTree = "<group>";
		};
		5B6382BF25D576A800B86CAC /* infrastructure */ = {
			isa = PBXGroup;
			children = (
				5B6382C025D576C300B86CAC /* PortAdapterTests.swift */,
			);
			path = infrastructure;
			sourceTree = "<group>";
		};
		5B6382CC25D5CEFA00B86CAC /* repository */ = {
			isa = PBXGroup;
			children = (
				5B6382CD25D5CF2400B86CAC /* IBookRepository.swift */,
				5B6382DA25D5D36A00B86CAC /* ISerializer.swift */,
			);
			path = repository;
			sourceTree = "<group>";
		};
		5B6382DF25D5D5A200B86CAC /* repository */ = {
			isa = PBXGroup;
			children = (
				5B6382D225D5D08900B86CAC /* JSONBookRepository.swift */,
				5B6382E025D5D5B500B86CAC /* BookSerializer.swift */,
				5B6382E825D5D93900B86CAC /* AudioFileSerializer.swift */,
			);
			path = repository;
			sourceTree = "<group>";
		};
		5B94D8E925D00D1C0054B23C /* view */ = {
			isa = PBXGroup;
			children = (
				5B4AC39025E4246F00531956 /* common */,
				5B1C3DEB25D46B3600B6F15A /* BookListVM.swift */,
				5B94D8EA25D00D3D0054B23C /* BookListView.swift */,
				5BE92F1525DEEFA10029CC59 /* AudioFileListVM.swift */,
				5BE92F1025DEEF770029CC59 /* AudioFileListView.swift */,
			);
			path = view;
			sourceTree = "<group>";
		};
		5B9EA84225CC1A5D009B14A5 /* application */ = {
			isa = PBXGroup;
			children = (
				5B9EA86B25CC36FE009B14A5 /* service */,
			);
			path = application;
			sourceTree = "<group>";
		};
		5B9EA84325CC1A70009B14A5 /* infrastructure */ = {
			isa = PBXGroup;
			children = (
				5B6382DF25D5D5A200B86CAC /* repository */,
				5B9EA84825CC1AC4009B14A5 /* DateTimeUtils.swift */,
				5B1C3DF325D46B6E00B6F15A /* PlaylistContext.swift */,
			);
			path = infrastructure;
			sourceTree = "<group>";
		};
		5B9EA86025CC355C009B14A5 /* ui */ = {
			isa = PBXGroup;
			children = (
				5B94D8E925D00D1C0054B23C /* view */,
			);
			path = ui;
			sourceTree = "<group>";
		};
		5B9EA86B25CC36FE009B14A5 /* service */ = {
			isa = PBXGroup;
			children = (
				5BA4555725DAE6AC001160CF /* MediaAPI.swift */,
				5B9EA84625CC1AC4009B14A5 /* DemoFileAppService.swift */,
				5BA4555225DAE5D7001160CF /* PlayerAppService.swift */,
			);
			path = service;
			sourceTree = "<group>";
		};
		5B9EA87825CC5BEC009B14A5 /* resources */ = {
			isa = PBXGroup;
			children = (
				5B63739B25E18EB200FB7BBE /* Assets.xcassets */,
				5BF7530525CDBC1A00C3F1E0 /* test */,
				5B9EA87925CC5C45009B14A5 /* demo */,
			);
			path = resources;
			sourceTree = "<group>";
		};
		5B9EA87925CC5C45009B14A5 /* demo */ = {
			isa = PBXGroup;
			children = (
				5B9EA87C25CC5C5F009B14A5 /* appStoreIcon.svg */,
				5B9EA87B25CC5C5F009B14A5 /* readme_screenshoots.jpg */,
				5B9EA87A25CC5C5F009B14A5 /* record.mp3 */,
			);
			path = demo;
			sourceTree = "<group>";
		};
		5BD0EF4925D809DD006CF6B0 /* service */ = {
			isa = PBXGroup;
			children = (
				5BD0EF4A25D80A00006CF6B0 /* AddBooksToPlaylistDomainService.swift */,
			);
			path = service;
			sourceTree = "<group>";
		};
		5BE8CAA525C8993C00834AD6 = {
			isa = PBXGroup;
			children = (
				5BE8CAB025C8993C00834AD6 /* de_dittner_mp3book */,
				5BE8CAC225C8993D00834AD6 /* MP3BookTests */,
				5BE8CACD25C8993D00834AD6 /* MP3BookUITests */,
				5BE8CAAF25C8993C00834AD6 /* Products */,
				5B62634725D538AB008CADA4 /* Frameworks */,
			);
			sourceTree = "<group>";
		};
		5BE8CAAF25C8993C00834AD6 /* Products */ = {
			isa = PBXGroup;
			children = (
				5BE8CAAE25C8993C00834AD6 /* MP3Book.app */,
				5BE8CABF25C8993D00834AD6 /* MP3BookTests.xctest */,
				5BE8CACA25C8993D00834AD6 /* MP3BookUITests.xctest */,
			);
			name = Products;
			sourceTree = "<group>";
		};
		5BE8CAB025C8993C00834AD6 /* de_dittner_mp3book */ = {
			isa = PBXGroup;
			children = (
				5BF7532D25CDBFFA00C3F1E0 /* shared */,
				5BF7533325CDC31B00C3F1E0 /* library */,
				5B39F0E725C89F1300BC132C /* playlist */,
				5BE8CABA25C8993D00834AD6 /* Info.plist */,
				5B9EA87825CC5BEC009B14A5 /* resources */,
				5BE8CAB725C8993D00834AD6 /* Preview Content */,
			);
			path = de_dittner_mp3book;
			sourceTree = "<group>";
		};
		5BE8CAB725C8993D00834AD6 /* Preview Content */ = {
			isa = PBXGroup;
			children = (
				5BE8CAB825C8993D00834AD6 /* Preview Assets.xcassets */,
			);
			path = "Preview Content";
			sourceTree = "<group>";
		};
		5BE8CAC225C8993D00834AD6 /* MP3BookTests */ = {
			isa = PBXGroup;
			children = (
				5B6382BE25D576A100B86CAC /* shared */,
				5BF7534B25CDCA7F00C3F1E0 /* library */,
				5BF7534A25CDCA6F00C3F1E0 /* playlist */,
				5BD0EF8825D852FD006CF6B0 /* XCTestCase++.swift */,
				5BE8CAC525C8993D00834AD6 /* Info.plist */,
			);
			path = MP3BookTests;
			sourceTree = "<group>";
		};
		5BE8CACD25C8993D00834AD6 /* MP3BookUITests */ = {
			isa = PBXGroup;
			children = (
				5BE8CACE25C8993D00834AD6 /* MP3BookUITests.swift */,
				5BE8CAD025C8993D00834AD6 /* Info.plist */,
			);
			path = MP3BookUITests;
			sourceTree = "<group>";
		};
		5BF263EE25E0575100B2CBCC /* navigator */ = {
			isa = PBXGroup;
			children = (
				5BF263EF25E0576500B2CBCC /* Navigator.swift */,
				5BF263F725E057A500B2CBCC /* ViewModel.swift */,
			);
			path = navigator;
			sourceTree = "<group>";
		};
		5BF7530525CDBC1A00C3F1E0 /* test */ = {
			isa = PBXGroup;
			children = (
				5BF7532825CDBDBF00C3F1E0 /* George Orwell – 1984 */,
				5BF7530625CDBC2700C3F1E0 /* test.mp3 */,
			);
			path = test;
			sourceTree = "<group>";
		};
		5BF7532D25CDBFFA00C3F1E0 /* shared */ = {
			isa = PBXGroup;
			children = (
				5BF7532F25CDC00F00C3F1E0 /* infrastructure */,
				5BF7532E25CDC00600C3F1E0 /* ui */,
			);
			path = shared;
			sourceTree = "<group>";
		};
		5BF7532E25CDC00600C3F1E0 /* ui */ = {
			isa = PBXGroup;
			children = (
				5B1C3DD625D41D5600B6F15A /* common */,
				5BE8CAB125C8993C00834AD6 /* MP3BookApp.swift */,
			);
			path = ui;
			sourceTree = "<group>";
		};
		5BF7532F25CDC00F00C3F1E0 /* infrastructure */ = {
			isa = PBXGroup;
			children = (
				5BF263EE25E0575100B2CBCC /* navigator */,
				5B15E3CE25D73C940033E4FB /* mapper */,
				5BD0EF6F25D83748006CF6B0 /* SharedContext.swift */,
				5B9EA86325CC3624009B14A5 /* Bootstrap.swift */,
				5B9EA88325CC5F16009B14A5 /* DetailedError.swift */,
				5B1C3DCC25D4117100B6F15A /* Thread.swift */,
				5B9EA84725CC1AC4009B14A5 /* LogStore.swift */,
				5B9EA85125CC1BF0009B14A5 /* UIDevice++.swift */,
				5B6382B925D5767F00B86CAC /* OutputPort.swift */,
				5BA4554225DAA3A3001160CF /* Array++.swift */,
				5B9EA85325CC1BF0009B14A5 /* URL++.swift */,
				5B39FD8F25DC482C00AAAD1D /* Int++.swift */,
				5B15E3AB25D6CB070033E4FB /* URLS.swift */,
				5B15E3B325D6EC950033E4FB /* UID.swift */,
				5BE0996925DDAACD000A7183 /* SystemVolume.swift */,
			);
			path = infrastructure;
			sourceTree = "<group>";
		};
		5BF7533325CDC31B00C3F1E0 /* library */ = {
			isa = PBXGroup;
			children = (
				5BF7533425CDC34000C3F1E0 /* infrastructure */,
				5B51F9C825D008FC00323635 /* ui */,
				5BF7534125CDC84700C3F1E0 /* application */,
				5BF7533525CDC38D00C3F1E0 /* domain */,
			);
			path = library;
			sourceTree = "<group>";
		};
		5BF7533425CDC34000C3F1E0 /* infrastructure */ = {
			isa = PBXGroup;
			children = (
				5B1C3DC725D3E42D00B6F15A /* LibraryContext.swift */,
			);
			path = infrastructure;
			sourceTree = "<group>";
		};
		5BF7533525CDC38D00C3F1E0 /* domain */ = {
			isa = PBXGroup;
			children = (
				5BF7533625CDC3B100C3F1E0 /* model */,
			);
			path = domain;
			sourceTree = "<group>";
		};
		5BF7533625CDC3B100C3F1E0 /* model */ = {
			isa = PBXGroup;
			children = (
				5BF7533725CDC3C100C3F1E0 /* Folder.swift */,
				5BF7533C25CDC4E300C3F1E0 /* FolderFile.swift */,
				5B15E3BB25D6FBF90033E4FB /* Playlist.swift */,
				5B15E3C325D6FC6D0033E4FB /* PlaylistFile.swift */,
			);
			path = model;
			sourceTree = "<group>";
		};
		5BF7534125CDC84700C3F1E0 /* application */ = {
			isa = PBXGroup;
			children = (
				5BF7534225CDC8C300C3F1E0 /* DocumentsAppService.swift */,
				5BF7535825CDD12D00C3F1E0 /* IPodAppService.swift */,
			);
			path = application;
			sourceTree = "<group>";
		};
		5BF7534A25CDCA6F00C3F1E0 /* playlist */ = {
			isa = PBXGroup;
			children = (
				5B15E39325D6A57E0033E4FB /* infrastructure */,
				5B54375F25CD8DB600ECB9A9 /* application */,
			);
			path = playlist;
			sourceTree = "<group>";
		};
		5BF7534B25CDCA7F00C3F1E0 /* library */ = {
			isa = PBXGroup;
			children = (
				5BF7534C25CDCA8800C3F1E0 /* application */,
			);
			path = library;
			sourceTree = "<group>";
		};
		5BF7534C25CDCA8800C3F1E0 /* application */ = {
			isa = PBXGroup;
			children = (
				5BF7534D25CDCA9200C3F1E0 /* DocumentsAppServiceTests.swift */,
			);
			path = application;
			sourceTree = "<group>";
		};
/* End PBXGroup section */

/* Begin PBXNativeTarget section */
		5BE8CAAD25C8993C00834AD6 /* MP3Book */ = {
			isa = PBXNativeTarget;
			buildConfigurationList = 5BE8CAD325C8993D00834AD6 /* Build configuration list for PBXNativeTarget "MP3Book" */;
			buildPhases = (
				5BE8CAAA25C8993C00834AD6 /* Sources */,
				5BE8CAAB25C8993C00834AD6 /* Frameworks */,
				5BE8CAAC25C8993C00834AD6 /* Resources */,
			);
			buildRules = (
			);
			dependencies = (
			);
			name = MP3Book;
			productName = MP3Book;
			productReference = 5BE8CAAE25C8993C00834AD6 /* MP3Book.app */;
			productType = "com.apple.product-type.application";
		};
		5BE8CABE25C8993D00834AD6 /* MP3BookTests */ = {
			isa = PBXNativeTarget;
			buildConfigurationList = 5BE8CAD625C8993D00834AD6 /* Build configuration list for PBXNativeTarget "MP3BookTests" */;
			buildPhases = (
				5BE8CABB25C8993D00834AD6 /* Sources */,
				5BE8CABC25C8993D00834AD6 /* Frameworks */,
				5BE8CABD25C8993D00834AD6 /* Resources */,
			);
			buildRules = (
			);
			dependencies = (
				5BE8CAC125C8993D00834AD6 /* PBXTargetDependency */,
			);
			name = MP3BookTests;
			productName = MP3BookTests;
			productReference = 5BE8CABF25C8993D00834AD6 /* MP3BookTests.xctest */;
			productType = "com.apple.product-type.bundle.unit-test";
		};
		5BE8CAC925C8993D00834AD6 /* MP3BookUITests */ = {
			isa = PBXNativeTarget;
			buildConfigurationList = 5BE8CAD925C8993D00834AD6 /* Build configuration list for PBXNativeTarget "MP3BookUITests" */;
			buildPhases = (
				5BE8CAC625C8993D00834AD6 /* Sources */,
				5BE8CAC725C8993D00834AD6 /* Frameworks */,
				5BE8CAC825C8993D00834AD6 /* Resources */,
			);
			buildRules = (
			);
			dependencies = (
				5BE8CACC25C8993D00834AD6 /* PBXTargetDependency */,
			);
			name = MP3BookUITests;
			productName = MP3BookUITests;
			productReference = 5BE8CACA25C8993D00834AD6 /* MP3BookUITests.xctest */;
			productType = "com.apple.product-type.bundle.ui-testing";
		};
/* End PBXNativeTarget section */

/* Begin PBXProject section */
		5BE8CAA625C8993C00834AD6 /* Project object */ = {
			isa = PBXProject;
			attributes = {
				LastSwiftUpdateCheck = 1240;
				LastUpgradeCheck = 1240;
				TargetAttributes = {
					5BE8CAAD25C8993C00834AD6 = {
						CreatedOnToolsVersion = 12.4;
					};
					5BE8CABE25C8993D00834AD6 = {
						CreatedOnToolsVersion = 12.4;
						TestTargetID = 5BE8CAAD25C8993C00834AD6;
					};
					5BE8CAC925C8993D00834AD6 = {
						CreatedOnToolsVersion = 12.4;
						TestTargetID = 5BE8CAAD25C8993C00834AD6;
					};
				};
			};
			buildConfigurationList = 5BE8CAA925C8993C00834AD6 /* Build configuration list for PBXProject "MP3Book" */;
			compatibilityVersion = "Xcode 9.3";
			developmentRegion = en;
			hasScannedForEncodings = 0;
			knownRegions = (
				en,
				Base,
			);
			mainGroup = 5BE8CAA525C8993C00834AD6;
			productRefGroup = 5BE8CAAF25C8993C00834AD6 /* Products */;
			projectDirPath = "";
			projectRoot = "";
			targets = (
				5BE8CAAD25C8993C00834AD6 /* MP3Book */,
				5BE8CABE25C8993D00834AD6 /* MP3BookTests */,
				5BE8CAC925C8993D00834AD6 /* MP3BookUITests */,
			);
		};
/* End PBXProject section */

/* Begin PBXResourcesBuildPhase section */
		5BE8CAAC25C8993C00834AD6 /* Resources */ = {
			isa = PBXResourcesBuildPhase;
			buildActionMask = 2147483647;
			files = (
				5BF7532925CDBDC000C3F1E0 /* George Orwell – 1984 in Resources */,
				5BF7530A25CDBC5900C3F1E0 /* test.mp3 in Resources */,
				5BE8CAB925C8993D00834AD6 /* Preview Assets.xcassets in Resources */,
				5B9EA87F25CC5C5F009B14A5 /* appStoreIcon.svg in Resources */,
				5B63739C25E18EB200FB7BBE /* Assets.xcassets in Resources */,
				5B9EA87D25CC5C5F009B14A5 /* record.mp3 in Resources */,
				5B9EA87E25CC5C5F009B14A5 /* readme_screenshoots.jpg in Resources */,
			);
			runOnlyForDeploymentPostprocessing = 0;
		};
		5BE8CABD25C8993D00834AD6 /* Resources */ = {
			isa = PBXResourcesBuildPhase;
			buildActionMask = 2147483647;
			files = (
			);
			runOnlyForDeploymentPostprocessing = 0;
		};
		5BE8CAC825C8993D00834AD6 /* Resources */ = {
			isa = PBXResourcesBuildPhase;
			buildActionMask = 2147483647;
			files = (
			);
			runOnlyForDeploymentPostprocessing = 0;
		};
/* End PBXResourcesBuildPhase section */

/* Begin PBXSourcesBuildPhase section */
		5BE8CAAA25C8993C00834AD6 /* Sources */ = {
			isa = PBXSourcesBuildPhase;
			buildActionMask = 2147483647;
			files = (
				5B62199C25D14C21000412EB /* Buttons.swift in Sources */,
				5BE0996525DD1C53000A7183 /* SliderView.swift in Sources */,
				5BF263F025E0576500B2CBCC /* Navigator.swift in Sources */,
				5B6382BA25D5767F00B86CAC /* OutputPort.swift in Sources */,
				5B92343325E27E4D0050ACD3 /* VSeparatorView.swift in Sources */,
				5B9EA85625CC1BF0009B14A5 /* URL++.swift in Sources */,
				5BE8CAB425C8993C00834AD6 /* LibraryView.swift in Sources */,
				5BF263F825E057A500B2CBCC /* ViewModel.swift in Sources */,
				5B1C3DF425D46C2F00B6F15A /* PlaylistContext.swift in Sources */,
				5B15E3BC25D6FBF90033E4FB /* Playlist.swift in Sources */,
				5BD0EF7025D83748006CF6B0 /* SharedContext.swift in Sources */,
				5B4AC38925E3B72400531956 /* NavigationBarShadow.swift in Sources */,
				5B62198425D132B4000412EB /* NavigationBar.swift in Sources */,
				5BD0EF5D25D82F49006CF6B0 /* DomainEventDispatcher.swift in Sources */,
				5B15E3B425D6EC950033E4FB /* UID.swift in Sources */,
				5B6382CE25D5CF2400B86CAC /* IBookRepository.swift in Sources */,
				5BE8CAB225C8993C00834AD6 /* MP3BookApp.swift in Sources */,
				5BE92F1625DEEFA10029CC59 /* AudioFileListVM.swift in Sources */,
				5B9EA88425CC5F16009B14A5 /* DetailedError.swift in Sources */,
				5B4AC39225E4247B00531956 /* PlayerView.swift in Sources */,
				5B1C3DEC25D46B3600B6F15A /* BookListVM.swift in Sources */,
				5B1C3DF925D46CB800B6F15A /* Book.swift in Sources */,
				5B62635025D540FE008CADA4 /* HSeparatorView.swift in Sources */,
				5B9EA84B25CC1AC4009B14A5 /* DemoFileAppService.swift in Sources */,
				5BA4555825DAE6AC001160CF /* MediaAPI.swift in Sources */,
				5BE92F0C25DED3C40029CC59 /* DownArrow.swift in Sources */,
				5B39FD9025DC482C00AAAD1D /* Int++.swift in Sources */,
				5B9EA85425CC1BF0009B14A5 /* UIDevice++.swift in Sources */,
				5B1C3DD225D4184300B6F15A /* Font++.swift in Sources */,
				5B1C3DBA25D3DAA300B6F15A /* LibraryVM.swift in Sources */,
				5B6382E925D5D93900B86CAC /* AudioFileSerializer.swift in Sources */,
				5B63739425E12A5F00FB7BBE /* Bookmark.swift in Sources */,
				5B6382D325D5D08900B86CAC /* JSONBookRepository.swift in Sources */,
				5B1C3DC825D3E42D00B6F15A /* LibraryContext.swift in Sources */,
				5BD0EF8125D83A18006CF6B0 /* PlaylistToMP3BookMapper.swift in Sources */,
				5B62199025D1358F000412EB /* Theme.swift in Sources */,
				5B6382E125D5D5B500B86CAC /* BookSerializer.swift in Sources */,
				5B15E3C425D6FC6D0033E4FB /* PlaylistFile.swift in Sources */,
				5B94D8EB25D00D3D0054B23C /* BookListView.swift in Sources */,
				5BBD49B225D94DF7009480B4 /* PlaylistDomainEntity.swift in Sources */,
				5BA4553B25DA5E32001160CF /* PlaylistBooksToHashMapper.swift in Sources */,
				5B1C3DC025D3E0B800B6F15A /* ActivityIndicator.swift in Sources */,
				5BA4554325DAA3A6001160CF /* Array++.swift in Sources */,
				5BE92F1125DEEF770029CC59 /* AudioFileListView.swift in Sources */,
				5B9EA84D25CC1AC4009B14A5 /* DateTimeUtils.swift in Sources */,
				5BF7535925CDD12D00C3F1E0 /* IPodAppService.swift in Sources */,
				5B9EA84C25CC1AC4009B14A5 /* LogStore.swift in Sources */,
				5B39F0EB25C89F5F00BC132C /* AudioFile.swift in Sources */,
				5BD0EF7A25D83A13006CF6B0 /* FolderToMP3BookMapper.swift in Sources */,
				5BD0EF4B25D80A00006CF6B0 /* AddBooksToPlaylistDomainService.swift in Sources */,
				5B6382DB25D5D36A00B86CAC /* ISerializer.swift in Sources */,
				5BF7534325CDC8C300C3F1E0 /* DocumentsAppService.swift in Sources */,
				5BA4555325DAE5D7001160CF /* PlayerAppService.swift in Sources */,
				5B15E3AC25D6CB070033E4FB /* URLS.swift in Sources */,
				5B62198A25D132ED000412EB /* CornerRadiusStyle.swift in Sources */,
				5BF7533D25CDC4E300C3F1E0 /* FolderFile.swift in Sources */,
				5B94BA4725CF43A900E7127C /* Color++.swift in Sources */,
				5B9EA86425CC3624009B14A5 /* Bootstrap.swift in Sources */,
				5B1C3DCD25D4117100B6F15A /* Thread.swift in Sources */,
				5BF7533825CDC3C100C3F1E0 /* Folder.swift in Sources */,
				5BE0996A25DDAACD000A7183 /* SystemVolume.swift in Sources */,
			);
			runOnlyForDeploymentPostprocessing = 0;
		};
		5BE8CABB25C8993D00834AD6 /* Sources */ = {
			isa = PBXSourcesBuildPhase;
			buildActionMask = 2147483647;
			files = (
				5B54376125CD8E0600ECB9A9 /* DemoFileAppServiceTests.swift in Sources */,
				5BF7534E25CDCB0200C3F1E0 /* DocumentsAppServiceTests.swift in Sources */,
				5B6382C825D576E300B86CAC /* PortAdapterTests.swift in Sources */,
				5BD0EF8925D852FD006CF6B0 /* XCTestCase++.swift in Sources */,
				5BD0EF5825D821F8006CF6B0 /* BookSerializerTests.swift in Sources */,
				5B15E38F25D6A5610033E4FB /* BookRepositoryTests.swift in Sources */,
			);
			runOnlyForDeploymentPostprocessing = 0;
		};
		5BE8CAC625C8993D00834AD6 /* Sources */ = {
			isa = PBXSourcesBuildPhase;
			buildActionMask = 2147483647;
			files = (
				5BE8CACF25C8993D00834AD6 /* MP3BookUITests.swift in Sources */,
			);
			runOnlyForDeploymentPostprocessing = 0;
		};
/* End PBXSourcesBuildPhase section */

/* Begin PBXTargetDependency section */
		5BE8CAC125C8993D00834AD6 /* PBXTargetDependency */ = {
			isa = PBXTargetDependency;
			target = 5BE8CAAD25C8993C00834AD6 /* MP3Book */;
			targetProxy = 5BE8CAC025C8993D00834AD6 /* PBXContainerItemProxy */;
		};
		5BE8CACC25C8993D00834AD6 /* PBXTargetDependency */ = {
			isa = PBXTargetDependency;
			target = 5BE8CAAD25C8993C00834AD6 /* MP3Book */;
			targetProxy = 5BE8CACB25C8993D00834AD6 /* PBXContainerItemProxy */;
		};
/* End PBXTargetDependency section */

/* Begin XCBuildConfiguration section */
		5BE8CAD125C8993D00834AD6 /* Debug */ = {
			isa = XCBuildConfiguration;
			buildSettings = {
				ALWAYS_SEARCH_USER_PATHS = NO;
				CLANG_ANALYZER_NONNULL = YES;
				CLANG_ANALYZER_NUMBER_OBJECT_CONVERSION = YES_AGGRESSIVE;
				CLANG_CXX_LANGUAGE_STANDARD = "gnu++14";
				CLANG_CXX_LIBRARY = "libc++";
				CLANG_ENABLE_MODULES = YES;
				CLANG_ENABLE_OBJC_ARC = YES;
				CLANG_ENABLE_OBJC_WEAK = YES;
				CLANG_WARN_BLOCK_CAPTURE_AUTORELEASING = YES;
				CLANG_WARN_BOOL_CONVERSION = YES;
				CLANG_WARN_COMMA = YES;
				CLANG_WARN_CONSTANT_CONVERSION = YES;
				CLANG_WARN_DEPRECATED_OBJC_IMPLEMENTATIONS = YES;
				CLANG_WARN_DIRECT_OBJC_ISA_USAGE = YES_ERROR;
				CLANG_WARN_DOCUMENTATION_COMMENTS = YES;
				CLANG_WARN_EMPTY_BODY = YES;
				CLANG_WARN_ENUM_CONVERSION = YES;
				CLANG_WARN_INFINITE_RECURSION = YES;
				CLANG_WARN_INT_CONVERSION = YES;
				CLANG_WARN_NON_LITERAL_NULL_CONVERSION = YES;
				CLANG_WARN_OBJC_IMPLICIT_RETAIN_SELF = YES;
				CLANG_WARN_OBJC_LITERAL_CONVERSION = YES;
				CLANG_WARN_OBJC_ROOT_CLASS = YES_ERROR;
				CLANG_WARN_QUOTED_INCLUDE_IN_FRAMEWORK_HEADER = YES;
				CLANG_WARN_RANGE_LOOP_ANALYSIS = YES;
				CLANG_WARN_STRICT_PROTOTYPES = YES;
				CLANG_WARN_SUSPICIOUS_MOVE = YES;
				CLANG_WARN_UNGUARDED_AVAILABILITY = YES_AGGRESSIVE;
				CLANG_WARN_UNREACHABLE_CODE = YES;
				CLANG_WARN__DUPLICATE_METHOD_MATCH = YES;
				COPY_PHASE_STRIP = NO;
				DEBUG_INFORMATION_FORMAT = dwarf;
				ENABLE_STRICT_OBJC_MSGSEND = YES;
				ENABLE_TESTABILITY = YES;
				GCC_C_LANGUAGE_STANDARD = gnu11;
				GCC_DYNAMIC_NO_PIC = NO;
				GCC_NO_COMMON_BLOCKS = YES;
				GCC_OPTIMIZATION_LEVEL = 0;
				GCC_PREPROCESSOR_DEFINITIONS = (
					"DEBUG=1",
					"$(inherited)",
				);
				GCC_WARN_64_TO_32_BIT_CONVERSION = YES;
				GCC_WARN_ABOUT_RETURN_TYPE = YES_ERROR;
				GCC_WARN_UNDECLARED_SELECTOR = YES;
				GCC_WARN_UNINITIALIZED_AUTOS = YES_AGGRESSIVE;
				GCC_WARN_UNUSED_FUNCTION = YES;
				GCC_WARN_UNUSED_VARIABLE = YES;
				IPHONEOS_DEPLOYMENT_TARGET = 14.4;
				MTL_ENABLE_DEBUG_INFO = INCLUDE_SOURCE;
				MTL_FAST_MATH = YES;
				ONLY_ACTIVE_ARCH = YES;
				SDKROOT = iphoneos;
				SWIFT_ACTIVE_COMPILATION_CONDITIONS = DEBUG;
				SWIFT_OPTIMIZATION_LEVEL = "-Onone";
				TARGETED_DEVICE_FAMILY = "1,2";
			};
			name = Debug;
		};
		5BE8CAD225C8993D00834AD6 /* Release */ = {
			isa = XCBuildConfiguration;
			buildSettings = {
				ALWAYS_SEARCH_USER_PATHS = NO;
				CLANG_ANALYZER_NONNULL = YES;
				CLANG_ANALYZER_NUMBER_OBJECT_CONVERSION = YES_AGGRESSIVE;
				CLANG_CXX_LANGUAGE_STANDARD = "gnu++14";
				CLANG_CXX_LIBRARY = "libc++";
				CLANG_ENABLE_MODULES = YES;
				CLANG_ENABLE_OBJC_ARC = YES;
				CLANG_ENABLE_OBJC_WEAK = YES;
				CLANG_WARN_BLOCK_CAPTURE_AUTORELEASING = YES;
				CLANG_WARN_BOOL_CONVERSION = YES;
				CLANG_WARN_COMMA = YES;
				CLANG_WARN_CONSTANT_CONVERSION = YES;
				CLANG_WARN_DEPRECATED_OBJC_IMPLEMENTATIONS = YES;
				CLANG_WARN_DIRECT_OBJC_ISA_USAGE = YES_ERROR;
				CLANG_WARN_DOCUMENTATION_COMMENTS = YES;
				CLANG_WARN_EMPTY_BODY = YES;
				CLANG_WARN_ENUM_CONVERSION = YES;
				CLANG_WARN_INFINITE_RECURSION = YES;
				CLANG_WARN_INT_CONVERSION = YES;
				CLANG_WARN_NON_LITERAL_NULL_CONVERSION = YES;
				CLANG_WARN_OBJC_IMPLICIT_RETAIN_SELF = YES;
				CLANG_WARN_OBJC_LITERAL_CONVERSION = YES;
				CLANG_WARN_OBJC_ROOT_CLASS = YES_ERROR;
				CLANG_WARN_QUOTED_INCLUDE_IN_FRAMEWORK_HEADER = YES;
				CLANG_WARN_RANGE_LOOP_ANALYSIS = YES;
				CLANG_WARN_STRICT_PROTOTYPES = YES;
				CLANG_WARN_SUSPICIOUS_MOVE = YES;
				CLANG_WARN_UNGUARDED_AVAILABILITY = YES_AGGRESSIVE;
				CLANG_WARN_UNREACHABLE_CODE = YES;
				CLANG_WARN__DUPLICATE_METHOD_MATCH = YES;
				COPY_PHASE_STRIP = NO;
				DEBUG_INFORMATION_FORMAT = "dwarf-with-dsym";
				ENABLE_NS_ASSERTIONS = NO;
				ENABLE_STRICT_OBJC_MSGSEND = YES;
				GCC_C_LANGUAGE_STANDARD = gnu11;
				GCC_NO_COMMON_BLOCKS = YES;
				GCC_WARN_64_TO_32_BIT_CONVERSION = YES;
				GCC_WARN_ABOUT_RETURN_TYPE = YES_ERROR;
				GCC_WARN_UNDECLARED_SELECTOR = YES;
				GCC_WARN_UNINITIALIZED_AUTOS = YES_AGGRESSIVE;
				GCC_WARN_UNUSED_FUNCTION = YES;
				GCC_WARN_UNUSED_VARIABLE = YES;
				IPHONEOS_DEPLOYMENT_TARGET = 14.4;
				MTL_ENABLE_DEBUG_INFO = NO;
				MTL_FAST_MATH = YES;
				SDKROOT = iphoneos;
				SWIFT_COMPILATION_MODE = wholemodule;
				SWIFT_OPTIMIZATION_LEVEL = "-O";
				TARGETED_DEVICE_FAMILY = "1,2";
				VALIDATE_PRODUCT = YES;
			};
			name = Release;
		};
		5BE8CAD425C8993D00834AD6 /* Debug */ = {
			isa = XCBuildConfiguration;
			buildSettings = {
				ASSETCATALOG_COMPILER_APPICON_NAME = AppIcon;
				ASSETCATALOG_COMPILER_GLOBAL_ACCENT_COLOR_NAME = AccentColor;
				CODE_SIGN_STYLE = Automatic;
				DEVELOPMENT_ASSET_PATHS = "\"de_dittner_mp3book/Preview Content\"";
				DEVELOPMENT_TEAM = F3QYFD9Z4F;
				ENABLE_PREVIEWS = YES;
				INFOPLIST_FILE = de_dittner_mp3book/Info.plist;
				IPHONEOS_DEPLOYMENT_TARGET = 14.0;
				LD_RUNPATH_SEARCH_PATHS = (
					"$(inherited)",
					"@executable_path/Frameworks",
				);
				PRODUCT_BUNDLE_IDENTIFIER = de.dittner.MP3Book;
				PRODUCT_NAME = "$(TARGET_NAME)";
				SWIFT_VERSION = 5.0;
				TARGETED_DEVICE_FAMILY = "1,2";
			};
			name = Debug;
		};
		5BE8CAD525C8993D00834AD6 /* Release */ = {
			isa = XCBuildConfiguration;
			buildSettings = {
				ASSETCATALOG_COMPILER_APPICON_NAME = AppIcon;
				ASSETCATALOG_COMPILER_GLOBAL_ACCENT_COLOR_NAME = AccentColor;
				CODE_SIGN_STYLE = Automatic;
				DEVELOPMENT_ASSET_PATHS = "\"de_dittner_mp3book/Preview Content\"";
				DEVELOPMENT_TEAM = F3QYFD9Z4F;
				ENABLE_PREVIEWS = YES;
				INFOPLIST_FILE = de_dittner_mp3book/Info.plist;
				IPHONEOS_DEPLOYMENT_TARGET = 14.0;
				LD_RUNPATH_SEARCH_PATHS = (
					"$(inherited)",
					"@executable_path/Frameworks",
				);
				PRODUCT_BUNDLE_IDENTIFIER = de.dittner.MP3Book;
				PRODUCT_NAME = "$(TARGET_NAME)";
				SWIFT_VERSION = 5.0;
				TARGETED_DEVICE_FAMILY = "1,2";
			};
			name = Release;
		};
		5BE8CAD725C8993D00834AD6 /* Debug */ = {
			isa = XCBuildConfiguration;
			buildSettings = {
				ALWAYS_EMBED_SWIFT_STANDARD_LIBRARIES = YES;
				BUNDLE_LOADER = "$(TEST_HOST)";
				CODE_SIGN_STYLE = Automatic;
				DEVELOPMENT_TEAM = F3QYFD9Z4F;
				INFOPLIST_FILE = MP3BookTests/Info.plist;
				IPHONEOS_DEPLOYMENT_TARGET = 14.0;
				LD_RUNPATH_SEARCH_PATHS = (
					"$(inherited)",
					"@executable_path/Frameworks",
					"@loader_path/Frameworks",
				);
				PRODUCT_BUNDLE_IDENTIFIER = de.dittner.MP3BookTests;
				PRODUCT_NAME = "$(TARGET_NAME)";
				SWIFT_VERSION = 5.0;
				TARGETED_DEVICE_FAMILY = "1,2";
				TEST_HOST = "$(BUILT_PRODUCTS_DIR)/MP3Book.app/MP3Book";
			};
			name = Debug;
		};
		5BE8CAD825C8993D00834AD6 /* Release */ = {
			isa = XCBuildConfiguration;
			buildSettings = {
				ALWAYS_EMBED_SWIFT_STANDARD_LIBRARIES = YES;
				BUNDLE_LOADER = "$(TEST_HOST)";
				CODE_SIGN_STYLE = Automatic;
				DEVELOPMENT_TEAM = F3QYFD9Z4F;
				INFOPLIST_FILE = MP3BookTests/Info.plist;
				IPHONEOS_DEPLOYMENT_TARGET = 14.0;
				LD_RUNPATH_SEARCH_PATHS = (
					"$(inherited)",
					"@executable_path/Frameworks",
					"@loader_path/Frameworks",
				);
				PRODUCT_BUNDLE_IDENTIFIER = de.dittner.MP3BookTests;
				PRODUCT_NAME = "$(TARGET_NAME)";
				SWIFT_VERSION = 5.0;
				TARGETED_DEVICE_FAMILY = "1,2";
				TEST_HOST = "$(BUILT_PRODUCTS_DIR)/MP3Book.app/MP3Book";
			};
			name = Release;
		};
		5BE8CADA25C8993D00834AD6 /* Debug */ = {
			isa = XCBuildConfiguration;
			buildSettings = {
				ALWAYS_EMBED_SWIFT_STANDARD_LIBRARIES = YES;
				CODE_SIGN_STYLE = Automatic;
				DEVELOPMENT_TEAM = F3QYFD9Z4F;
				INFOPLIST_FILE = MP3BookUITests/Info.plist;
				LD_RUNPATH_SEARCH_PATHS = (
					"$(inherited)",
					"@executable_path/Frameworks",
					"@loader_path/Frameworks",
				);
				PRODUCT_BUNDLE_IDENTIFIER = de.dittner.MP3BookUITests;
				PRODUCT_NAME = "$(TARGET_NAME)";
				SWIFT_VERSION = 5.0;
				TARGETED_DEVICE_FAMILY = "1,2";
				TEST_TARGET_NAME = MP3Book;
			};
			name = Debug;
		};
		5BE8CADB25C8993D00834AD6 /* Release */ = {
			isa = XCBuildConfiguration;
			buildSettings = {
				ALWAYS_EMBED_SWIFT_STANDARD_LIBRARIES = YES;
				CODE_SIGN_STYLE = Automatic;
				DEVELOPMENT_TEAM = F3QYFD9Z4F;
				INFOPLIST_FILE = MP3BookUITests/Info.plist;
				LD_RUNPATH_SEARCH_PATHS = (
					"$(inherited)",
					"@executable_path/Frameworks",
					"@loader_path/Frameworks",
				);
				PRODUCT_BUNDLE_IDENTIFIER = de.dittner.MP3BookUITests;
				PRODUCT_NAME = "$(TARGET_NAME)";
				SWIFT_VERSION = 5.0;
				TARGETED_DEVICE_FAMILY = "1,2";
				TEST_TARGET_NAME = MP3Book;
			};
			name = Release;
		};
/* End XCBuildConfiguration section */

/* Begin XCConfigurationList section */
		5BE8CAA925C8993C00834AD6 /* Build configuration list for PBXProject "MP3Book" */ = {
			isa = XCConfigurationList;
			buildConfigurations = (
				5BE8CAD125C8993D00834AD6 /* Debug */,
				5BE8CAD225C8993D00834AD6 /* Release */,
			);
			defaultConfigurationIsVisible = 0;
			defaultConfigurationName = Release;
		};
		5BE8CAD325C8993D00834AD6 /* Build configuration list for PBXNativeTarget "MP3Book" */ = {
			isa = XCConfigurationList;
			buildConfigurations = (
				5BE8CAD425C8993D00834AD6 /* Debug */,
				5BE8CAD525C8993D00834AD6 /* Release */,
			);
			defaultConfigurationIsVisible = 0;
			defaultConfigurationName = Release;
		};
		5BE8CAD625C8993D00834AD6 /* Build configuration list for PBXNativeTarget "MP3BookTests" */ = {
			isa = XCConfigurationList;
			buildConfigurations = (
				5BE8CAD725C8993D00834AD6 /* Debug */,
				5BE8CAD825C8993D00834AD6 /* Release */,
			);
			defaultConfigurationIsVisible = 0;
			defaultConfigurationName = Release;
		};
		5BE8CAD925C8993D00834AD6 /* Build configuration list for PBXNativeTarget "MP3BookUITests" */ = {
			isa = XCConfigurationList;
			buildConfigurations = (
				5BE8CADA25C8993D00834AD6 /* Debug */,
				5BE8CADB25C8993D00834AD6 /* Release */,
			);
			defaultConfigurationIsVisible = 0;
			defaultConfigurationName = Release;
		};
/* End XCConfigurationList section */
	};
	rootObject = 5BE8CAA625C8993C00834AD6 /* Project object */;
}
